# This is a Gradle generated file for dependency locking.
# Manual edits can break the build and are not advised.
# This file is expected to be part of source control.
# To regenerate this file, run: ./gradlew :androidApp:dependencies --write-locks
androidx.activity:activity-compose:1.13.0=debugCompileClasspath,debugRuntimeClasspath,debugUnitTestCompileClasspath,debugUnitTestRuntimeClasspath,releaseCompileClasspath,releaseRuntimeClasspath
androidx.activity:activity-ktx:1.13.0=debugRuntimeClasspath,debugUnitTestRuntimeClasspath,releaseRuntimeClasspath
androidx.activity:activity:1.13.0=debugCompileClasspath,debugRuntimeClasspath,debugUnitTestCompileClasspath,debugUnitTestRuntimeClasspath,releaseCompileClasspath,releaseRuntimeClasspath
androidx.annotation:annotation-experimental:1.4.1=debugCompileClasspath,debugRuntimeClasspath,debugUnitTestCompileClasspath,debugUnitTestRuntimeClasspath,releaseCompileClasspath,releaseRuntimeClasspath
androidx.annotation:annotation-jvm:1.9.1=debugCompileClasspath,debugRuntimeClasspath,debugUnitTestCompileClasspath,debugUnitTestRuntimeClasspath,releaseCompileClasspath,releaseRuntimeClasspath
androidx.annotation:annotation:1.9.1=debugCompileClasspath,debugRuntimeClasspath,debugUnitTestCompileClasspath,debugUnitTestRuntimeClasspath,releaseCompileClasspath,releaseRuntimeClasspath
androidx.arch.core:core-common:2.2.0=debugCompileClasspath,debugRuntimeClasspath,debugUnitTestCompileClasspath,debugUnitTestRuntimeClasspath,releaseCompileClasspath,releaseRuntimeClasspath
androidx.arch.core:core-runtime:2.2.0=debugRuntimeClasspath,debugUnitTestRuntimeClasspath,releaseRuntimeClasspath
androidx.autofill:autofill:1.0.0=debugRuntimeClasspath,debugUnitTestRuntimeClasspath,releaseRuntimeClasspath
androidx.collection:collection-jvm:1.5.0=debugRuntimeClasspath,debugUnitTestRuntimeClasspath,releaseRuntimeClasspath
androidx.collection:collection-ktx:1.5.0=debugRuntimeClasspath,debugUnitTestRuntimeClasspath,releaseRuntimeClasspath
androidx.collection:collection:1.0.0=debugCompileClasspath,debugUnitTestCompileClasspath,releaseCompileClasspath
androidx.collection:collection:1.5.0=debugRuntimeClasspath,debugUnitTestRuntimeClasspath,releaseRuntimeClasspath
androidx.compose.animation:animation-android:1.11.2=debugRuntimeClasspath,debugUnitTestRuntimeClasspath,releaseRuntimeClasspath
androidx.compose.animation:animation-core-android:1.11.2=debugRuntimeClasspath,debugUnitTestRuntimeClasspath,releaseRuntimeClasspath
androidx.compose.animation:animation-core:1.11.2=debugRuntimeClasspath,debugUnitTestRuntimeClasspath,releaseRuntimeClasspath
androidx.compose.animation:animation:1.11.2=debugRuntimeClasspath,debugUnitTestRuntimeClasspath,releaseRuntimeClasspath
androidx.compose.foundation:foundation-android:1.11.2=debugRuntimeClasspath,debugUnitTestRuntimeClasspath,releaseRuntimeClasspath
androidx.compose.foundation:foundation-layout-android:1.11.2=debugRuntimeClasspath,debugUnitTestRuntimeClasspath,releaseRuntimeClasspath
androidx.compose.foundation:foundation-layout:1.11.2=debugRuntimeClasspath,debugUnitTestRuntimeClasspath,releaseRuntimeClasspath
androidx.compose.foundation:foundation:1.11.2=debugRuntimeClasspath,debugUnitTestRuntimeClasspath,releaseRuntimeClasspath
androidx.compose.material3:material3-android:1.5.0-alpha17=debugRuntimeClasspath,debugUnitTestRuntimeClasspath,releaseRuntimeClasspath
androidx.compose.material3:material3:1.5.0-alpha17=debugRuntimeClasspath,debugUnitTestRuntimeClasspath,releaseRuntimeClasspath
androidx.compose.material:material-ripple-android:1.11.0-rc01=debugRuntimeClasspath,debugUnitTestRuntimeClasspath,releaseRuntimeClasspath
androidx.compose.material:material-ripple:1.11.0-rc01=debugRuntimeClasspath,debugUnitTestRuntimeClasspath,releaseRuntimeClasspath
androidx.compose.runtime:runtime-android:1.11.2=debugCompileClasspath,debugRuntimeClasspath,debugUnitTestCompileClasspath,debugUnitTestRuntimeClasspath,releaseCompileClasspath,releaseRuntimeClasspath
androidx.compose.runtime:runtime-annotation-android:1.11.2=debugCompileClasspath,debugRuntimeClasspath,debugUnitTestCompileClasspath,debugUnitTestRuntimeClasspath,releaseCompileClasspath,releaseRuntimeClasspath
androidx.compose.runtime:runtime-annotation:1.11.2=debugCompileClasspath,debugRuntimeClasspath,debugUnitTestCompileClasspath,debugUnitTestRuntimeClasspath,releaseCompileClasspath,releaseRuntimeClasspath
androidx.compose.runtime:runtime-retain-android:1.11.2=debugCompileClasspath,debugRuntimeClasspath,debugUnitTestCompileClasspath,debugUnitTestRuntimeClasspath,releaseCompileClasspath,releaseRuntimeClasspath
androidx.compose.runtime:runtime-retain:1.11.2=debugCompileClasspath,debugRuntimeClasspath,debugUnitTestCompileClasspath,debugUnitTestRuntimeClasspath,releaseCompileClasspath,releaseRuntimeClasspath
androidx.compose.runtime:runtime-saveable-android:1.11.2=debugCompileClasspath,debugRuntimeClasspath,debugUnitTestCompileClasspath,debugUnitTestRuntimeClasspath,releaseCompileClasspath,releaseRuntimeClasspath
androidx.compose.runtime:runtime-saveable:1.11.2=debugCompileClasspath,debugRuntimeClasspath,debugUnitTestCompileClasspath,debugUnitTestRuntimeClasspath,releaseCompileClasspath,releaseRuntimeClasspath
androidx.compose.runtime:runtime:1.11.2=debugCompileClasspath,debugRuntimeClasspath,debugUnitTestCompileClasspath,debugUnitTestRuntimeClasspath,releaseCompileClasspath,releaseRuntimeClasspath
androidx.compose.ui:ui-android:1.11.2=debugCompileClasspath,debugRuntimeClasspath,debugUnitTestCompileClasspath,debugUnitTestRuntimeClasspath,releaseCompileClasspath,releaseRuntimeClasspath
androidx.compose.ui:ui-geometry-android:1.11.2=debugCompileClasspath,debugRuntimeClasspath,debugUnitTestCompileClasspath,debugUnitTestRuntimeClasspath,releaseCompileClasspath,releaseRuntimeClasspath
androidx.compose.ui:ui-geometry:1.11.2=debugCompileClasspath,debugRuntimeClasspath,debugUnitTestCompileClasspath,debugUnitTestRuntimeClasspath,releaseCompileClasspath,releaseRuntimeClasspath
androidx.compose.ui:ui-graphics-android:1.11.2=debugCompileClasspath,debugRuntimeClasspath,debugUnitTestCompileClasspath,debugUnitTestRuntimeClasspath,releaseCompileClasspath,releaseRuntimeClasspath
androidx.compose.ui:ui-graphics:1.11.2=debugCompileClasspath,debugRuntimeClasspath,debugUnitTestCompileClasspath,debugUnitTestRuntimeClasspath,releaseCompileClasspath,releaseRuntimeClasspath
androidx.compose.ui:ui-text-android:1.11.2=debugCompileClasspath,debugRuntimeClasspath,debugUnitTestCompileClasspath,debugUnitTestRuntimeClasspath,releaseCompileClasspath,releaseRuntimeClasspath
androidx.compose.ui:ui-text:1.11.2=debugCompileClasspath,debugRuntimeClasspath,debugUnitTestCompileClasspath,debugUnitTestRuntimeClasspath,releaseCompileClasspath,releaseRuntimeClasspath
androidx.compose.ui:ui-tooling-android:1.11.2=debugCompileClasspath,debugRuntimeClasspath,debugUnitTestCompileClasspath,debugUnitTestRuntimeClasspath
androidx.compose.ui:ui-tooling-data-android:1.11.2=debugCompileClasspath,debugRuntimeClasspath,debugUnitTestCompileClasspath,debugUnitTestRuntimeClasspath
androidx.compose.ui:ui-tooling-data:1.11.2=debugCompileClasspath,debugRuntimeClasspath,debugUnitTestCompileClasspath,debugUnitTestRuntimeClasspath
androidx.compose.ui:ui-tooling-preview-android:1.11.2=debugCompileClasspath,debugRuntimeClasspath,debugUnitTestCompileClasspath,debugUnitTestRuntimeClasspath,releaseCompileClasspath,releaseRuntimeClasspath
androidx.compose.ui:ui-tooling-preview:1.11.2=debugCompileClasspath,debugRuntimeClasspath,debugUnitTestCompileClasspath,debugUnitTestRuntimeClasspath,releaseCompileClasspath,releaseRuntimeClasspath
androidx.compose.ui:ui-tooling:1.11.2=debugCompileClasspath,debugRuntimeClasspath,debugUnitTestCompileClasspath,debugUnitTestRuntimeClasspath
androidx.compose.ui:ui-unit-android:1.11.2=debugCompileClasspath,debugRuntimeClasspath,debugUnitTestCompileClasspath,debugUnitTestRuntimeClasspath,releaseCompileClasspath,releaseRuntimeClasspath
androidx.compose.ui:ui-unit:1.11.2=debugCompileClasspath,debugRuntimeClasspath,debugUnitTestCompileClasspath,debugUnitTestRuntimeClasspath,releaseCompileClasspath,releaseRuntimeClasspath
androidx.compose.ui:ui-util-android:1.11.2=debugCompileClasspath,debugRuntimeClasspath,debugUnitTestCompileClasspath,debugUnitTestRuntimeClasspath,releaseCompileClasspath,releaseRuntimeClasspath
androidx.compose.ui:ui-util:1.11.2=debugCompileClasspath,debugRuntimeClasspath,debugUnitTestCompileClasspath,debugUnitTestRuntimeClasspath,releaseCompileClasspath,releaseRuntimeClasspath
androidx.compose.ui:ui:1.11.2=debugCompileClasspath,debugRuntimeClasspath,debugUnitTestCompileClasspath,debugUnitTestRuntimeClasspath,releaseCompileClasspath,releaseRuntimeClasspath
androidx.concurrent:concurrent-futures:1.1.0=debugRuntimeClasspath,debugUnitTestRuntimeClasspath,releaseRuntimeClasspath
androidx.core:core-ktx:1.18.0=debugCompileClasspath,debugRuntimeClasspath,debugUnitTestCompileClasspath,debugUnitTestRuntimeClasspath,releaseCompileClasspath,releaseRuntimeClasspath
androidx.core:core-viewtree:1.0.0=debugCompileClasspath,debugRuntimeClasspath,debugUnitTestCompileClasspath,debugUnitTestRuntimeClasspath,releaseCompileClasspath,releaseRuntimeClasspath
androidx.core:core:1.18.0=debugCompileClasspath,debugRuntimeClasspath,debugUnitTestCompileClasspath,debugUnitTestRuntimeClasspath,releaseCompileClasspath,releaseRuntimeClasspath
androidx.customview:customview-poolingcontainer:1.0.0=debugRuntimeClasspath,debugUnitTestRuntimeClasspath,releaseRuntimeClasspath
androidx.documentfile:documentfile:1.0.0=debugRuntimeClasspath,debugUnitTestRuntimeClasspath,releaseRuntimeClasspath
androidx.dynamicanimation:dynamicanimation:1.0.0=debugRuntimeClasspath,debugUnitTestRuntimeClasspath,releaseRuntimeClasspath
androidx.emoji2:emoji2:1.4.0=debugRuntimeClasspath,debugUnitTestRuntimeClasspath,releaseRuntimeClasspath
androidx.graphics:graphics-path:1.0.1=debugRuntimeClasspath,debugUnitTestRuntimeClasspath,releaseRuntimeClasspath
androidx.graphics:graphics-shapes-android:1.1.0=debugRuntimeClasspath,debugUnitTestRuntimeClasspath,releaseRuntimeClasspath
androidx.graphics:graphics-shapes:1.1.0=debugRuntimeClasspath,debugUnitTestRuntimeClasspath,releaseRuntimeClasspath
androidx.interpolator:interpolator:1.0.0=debugRuntimeClasspath,debugUnitTestRuntimeClasspath,releaseRuntimeClasspath
androidx.legacy:legacy-support-core-utils:1.0.0=debugRuntimeClasspath,debugUnitTestRuntimeClasspath,releaseRuntimeClasspath
androidx.lifecycle:lifecycle-common-java8:2.11.0=debugRuntimeClasspath,debugUnitTestRuntimeClasspath,releaseRuntimeClasspath
androidx.lifecycle:lifecycle-common-jvm:2.11.0=debugRuntimeClasspath,debugUnitTestRuntimeClasspath,releaseRuntimeClasspath
androidx.lifecycle:lifecycle-common-jvm:2.9.4=debugCompileClasspath,debugUnitTestCompileClasspath,releaseCompileClasspath
androidx.lifecycle:lifecycle-common:2.11.0=debugRuntimeClasspath,debugUnitTestRuntimeClasspath,releaseRuntimeClasspath
androidx.lifecycle:lifecycle-common:2.9.4=debugCompileClasspath,debugUnitTestCompileClasspath,releaseCompileClasspath
androidx.lifecycle:lifecycle-livedata-core-ktx:2.11.0=debugRuntimeClasspath,debugUnitTestRuntimeClasspath,releaseRuntimeClasspath
androidx.lifecycle:lifecycle-livedata-core:2.11.0=debugRuntimeClasspath,debugUnitTestRuntimeClasspath,releaseRuntimeClasspath
androidx.lifecycle:lifecycle-livedata-core:2.9.4=debugCompileClasspath,debugUnitTestCompileClasspath,releaseCompileClasspath
androidx.lifecycle:lifecycle-livedata:2.11.0=debugRuntimeClasspath,debugUnitTestRuntimeClasspath,releaseRuntimeClasspath
androidx.lifecycle:lifecycle-process:2.11.0=debugRuntimeClasspath,debugUnitTestRuntimeClasspath,releaseRuntimeClasspath
androidx.lifecycle:lifecycle-runtime-android:2.11.0=debugRuntimeClasspath,debugUnitTestRuntimeClasspath,releaseRuntimeClasspath
androidx.lifecycle:lifecycle-runtime-android:2.9.4=debugCompileClasspath,debugUnitTestCompileClasspath,releaseCompileClasspath
androidx.lifecycle:lifecycle-runtime-compose-android:2.11.0=debugRuntimeClasspath,debugUnitTestRuntimeClasspath,releaseRuntimeClasspath
androidx.lifecycle:lifecycle-runtime-compose-android:2.9.4=debugCompileClasspath,debugUnitTestCompileClasspath,releaseCompileClasspath
androidx.lifecycle:lifecycle-runtime-compose:2.11.0=debugRuntimeClasspath,debugUnitTestRuntimeClasspath,releaseRuntimeClasspath
androidx.lifecycle:lifecycle-runtime-compose:2.9.4=debugCompileClasspath,debugUnitTestCompileClasspath,releaseCompileClasspath
androidx.lifecycle:lifecycle-runtime-ktx-android:2.11.0=debugRuntimeClasspath,debugUnitTestRuntimeClasspath,releaseRuntimeClasspath
androidx.lifecycle:lifecycle-runtime-ktx-android:2.9.4=debugCompileClasspath,debugUnitTestCompileClasspath,releaseCompileClasspath
androidx.lifecycle:lifecycle-runtime-ktx:2.11.0=debugRuntimeClasspath,debugUnitTestRuntimeClasspath,releaseRuntimeClasspath
androidx.lifecycle:lifecycle-runtime-ktx:2.9.4=debugCompileClasspath,debugUnitTestCompileClasspath,releaseCompileClasspath
androidx.lifecycle:lifecycle-runtime:2.11.0=debugRuntimeClasspath,debugUnitTestRuntimeClasspath,releaseRuntimeClasspath
androidx.lifecycle:lifecycle-runtime:2.9.4=debugCompileClasspath,debugUnitTestCompileClasspath,releaseCompileClasspath
androidx.lifecycle:lifecycle-viewmodel-android:2.11.0=debugRuntimeClasspath,debugUnitTestRuntimeClasspath,releaseRuntimeClasspath
androidx.lifecycle:lifecycle-viewmodel-android:2.9.4=debugCompileClasspath,debugUnitTestCompileClasspath,releaseCompileClasspath
androidx.lifecycle:lifecycle-viewmodel-compose-android:2.11.0=debugRuntimeClasspath,debugUnitTestRuntimeClasspath,releaseRuntimeClasspath
androidx.lifecycle:lifecycle-viewmodel-compose:2.11.0=debugRuntimeClasspath,debugUnitTestRuntimeClasspath,releaseRuntimeClasspath
androidx.lifecycle:lifecycle-viewmodel-ktx:2.11.0=debugRuntimeClasspath,debugUnitTestRuntimeClasspath,releaseRuntimeClasspath
androidx.lifecycle:lifecycle-viewmodel-savedstate-android:2.11.0=debugRuntimeClasspath,debugUnitTestRuntimeClasspath,releaseRuntimeClasspath
androidx.lifecycle:lifecycle-viewmodel-savedstate-android:2.9.4=debugCompileClasspath,debugUnitTestCompileClasspath,releaseCompileClasspath
androidx.lifecycle:lifecycle-viewmodel-savedstate:2.11.0=debugRuntimeClasspath,debugUnitTestRuntimeClasspath,releaseRuntimeClasspath
androidx.lifecycle:lifecycle-viewmodel-savedstate:2.9.4=debugCompileClasspath,debugUnitTestCompileClasspath,releaseCompileClasspath
androidx.lifecycle:lifecycle-viewmodel:2.11.0=debugRuntimeClasspath,debugUnitTestRuntimeClasspath,releaseRuntimeClasspath
androidx.lifecycle:lifecycle-viewmodel:2.9.4=debugCompileClasspath,debugUnitTestCompileClasspath,releaseCompileClasspath
androidx.loader:loader:1.0.0=debugRuntimeClasspath,debugUnitTestRuntimeClasspath,releaseRuntimeClasspath
androidx.localbroadcastmanager:localbroadcastmanager:1.0.0=debugRuntimeClasspath,debugUnitTestRuntimeClasspath,releaseRuntimeClasspath
androidx.navigationevent:navigationevent-android:1.0.0=debugCompileClasspath,debugRuntimeClasspath,debugUnitTestCompileClasspath,debugUnitTestRuntimeClasspath,releaseCompileClasspath,releaseRuntimeClasspath
androidx.navigationevent:navigationevent-compose-android:1.0.0=debugCompileClasspath,debugRuntimeClasspath,debugUnitTestCompileClasspath,debugUnitTestRuntimeClasspath,releaseCompileClasspath,releaseRuntimeClasspath
androidx.navigationevent:navigationevent-compose:1.0.0=debugCompileClasspath,debugRuntimeClasspath,debugUnitTestCompileClasspath,debugUnitTestRuntimeClasspath,releaseCompileClasspath,releaseRuntimeClasspath
androidx.navigationevent:navigationevent:1.0.0=debugCompileClasspath,debugRuntimeClasspath,debugUnitTestCompileClasspath,debugUnitTestRuntimeClasspath,releaseCompileClasspath,releaseRuntimeClasspath
androidx.print:print:1.0.0=debugRuntimeClasspath,debugUnitTestRuntimeClasspath,releaseRuntimeClasspath
androidx.profileinstaller:profileinstaller:1.4.0=debugRuntimeClasspath,debugUnitTestRuntimeClasspath,releaseRuntimeClasspath
androidx.savedstate:savedstate-android:1.3.2=releaseCompileClasspath
androidx.savedstate:savedstate-android:1.4.0=debugCompileClasspath,debugRuntimeClasspath,debugUnitTestCompileClasspath,debugUnitTestRuntimeClasspath,releaseRuntimeClasspath
androidx.savedstate:savedstate-compose-android:1.3.2=releaseCompileClasspath
androidx.savedstate:savedstate-compose-android:1.4.0=debugCompileClasspath,debugRuntimeClasspath,debugUnitTestCompileClasspath,debugUnitTestRuntimeClasspath,releaseRuntimeClasspath
androidx.savedstate:savedstate-compose:1.3.2=releaseCompileClasspath
androidx.savedstate:savedstate-compose:1.4.0=debugCompileClasspath,debugRuntimeClasspath,debugUnitTestCompileClasspath,debugUnitTestRuntimeClasspath,releaseRuntimeClasspath
androidx.savedstate:savedstate-ktx:1.4.0=debugRuntimeClasspath,debugUnitTestRuntimeClasspath,releaseRuntimeClasspath
androidx.savedstate:savedstate:1.3.2=releaseCompileClasspath
androidx.savedstate:savedstate:1.4.0=debugCompileClasspath,debugRuntimeClasspath,debugUnitTestCompileClasspath,debugUnitTestRuntimeClasspath,releaseRuntimeClasspath
androidx.startup:startup-runtime:1.2.0=debugRuntimeClasspath,debugUnitTestRuntimeClasspath,releaseRuntimeClasspath
androidx.tracing:tracing:1.2.0=debugRuntimeClasspath,debugUnitTestRuntimeClasspath,releaseRuntimeClasspath
androidx.transition:transition:1.6.0=debugRuntimeClasspath,debugUnitTestRuntimeClasspath,releaseRuntimeClasspath
androidx.versionedparcelable:versionedparcelable:1.1.1=debugCompileClasspath,debugRuntimeClasspath,debugUnitTestCompileClasspath,debugUnitTestRuntimeClasspath,releaseCompileClasspath,releaseRuntimeClasspath
androidx.window:window-core-android:1.5.0=debugRuntimeClasspath,debugUnitTestRuntimeClasspath,releaseRuntimeClasspath
androidx.window:window-core:1.5.0=debugRuntimeClasspath,debugUnitTestRuntimeClasspath,releaseRuntimeClasspath
androidx.window:window:1.5.0=debugRuntimeClasspath,debugUnitTestRuntimeClasspath,releaseRuntimeClasspath
com.google.guava:listenablefuture:1.0=debugCompileClasspath,debugRuntimeClasspath,debugUnitTestCompileClasspath,debugUnitTestRuntimeClasspath,releaseCompileClasspath,releaseRuntimeClasspath
com.goterl:lazysodium-android:5.2.0=debugRuntimeClasspath,debugUnitTestRuntimeClasspath,releaseRuntimeClasspath
com.squareup.okhttp3:okhttp-android:5.3.2=debugRuntimeClasspath,debugUnitTestRuntimeClasspath,releaseRuntimeClasspath
com.squareup.okhttp3:okhttp:5.3.2=debugRuntimeClasspath,debugUnitTestRuntimeClasspath,releaseRuntimeClasspath
com.squareup.okio:okio-jvm:3.17.0=debugRuntimeClasspath,debugUnitTestRuntimeClasspath,releaseRuntimeClasspath
com.squareup.okio:okio:3.17.0=debugRuntimeClasspath,debugUnitTestRuntimeClasspath,releaseRuntimeClasspath
io.ktor:ktor-client-content-negotiation-jvm:3.5.2=debugRuntimeClasspath,debugUnitTestRuntimeClasspath,releaseRuntimeClasspath
io.ktor:ktor-client-content-negotiation:3.5.2=debugRuntimeClasspath,debugUnitTestRuntimeClasspath,releaseRuntimeClasspath
io.ktor:ktor-client-core-jvm:3.5.2=debugRuntimeClasspath,debugUnitTestRuntimeClasspath,releaseRuntimeClasspath
io.ktor:ktor-client-core:3.5.2=debugRuntimeClasspath,debugUnitTestRuntimeClasspath,releaseRuntimeClasspath
io.ktor:ktor-client-okhttp-jvm:3.5.2=debugRuntimeClasspath,debugUnitTestRuntimeClasspath,releaseRuntimeClasspath
io.ktor:ktor-client-okhttp:3.5.2=debugRuntimeClasspath,debugUnitTestRuntimeClasspath,releaseRuntimeClasspath
io.ktor:ktor-events-jvm:3.5.2=debugRuntimeClasspath,debugUnitTestRuntimeClasspath,releaseRuntimeClasspath
io.ktor:ktor-events:3.5.2=debugRuntimeClasspath,debugUnitTestRuntimeClasspath,releaseRuntimeClasspath
io.ktor:ktor-http-cio-jvm:3.5.2=debugRuntimeClasspath,debugUnitTestRuntimeClasspath,releaseRuntimeClasspath
io.ktor:ktor-http-cio:3.5.2=debugRuntimeClasspath,debugUnitTestRuntimeClasspath,releaseRuntimeClasspath
io.ktor:ktor-http-jvm:3.5.2=debugRuntimeClasspath,debugUnitTestRuntimeClasspath,releaseRuntimeClasspath
io.ktor:ktor-http:3.5.2=debugRuntimeClasspath,debugUnitTestRuntimeClasspath,releaseRuntimeClasspath
io.ktor:ktor-io-jvm:3.5.2=debugRuntimeClasspath,debugUnitTestRuntimeClasspath,releaseRuntimeClasspath
io.ktor:ktor-io:3.5.2=debugRuntimeClasspath,debugUnitTestRuntimeClasspath,releaseRuntimeClasspath
io.ktor:ktor-network-jvm:3.5.2=debugRuntimeClasspath,debugUnitTestRuntimeClasspath,releaseRuntimeClasspath
io.ktor:ktor-network:3.5.2=debugRuntimeClasspath,debugUnitTestRuntimeClasspath,releaseRuntimeClasspath
io.ktor:ktor-serialization-jvm:3.5.2=debugRuntimeClasspath,debugUnitTestRuntimeClasspath,releaseRuntimeClasspath
io.ktor:ktor-serialization-kotlinx-json-jvm:3.5.2=debugRuntimeClasspath,debugUnitTestRuntimeClasspath,releaseRuntimeClasspath
io.ktor:ktor-serialization-kotlinx-json:3.5.2=debugRuntimeClasspath,debugUnitTestRuntimeClasspath,releaseRuntimeClasspath
io.ktor:ktor-serialization-kotlinx-jvm:3.5.2=debugRuntimeClasspath,debugUnitTestRuntimeClasspath,releaseRuntimeClasspath
io.ktor:ktor-serialization-kotlinx:3.5.2=debugRuntimeClasspath,debugUnitTestRuntimeClasspath,releaseRuntimeClasspath
io.ktor:ktor-serialization:3.5.2=debugRuntimeClasspath,debugUnitTestRuntimeClasspath,releaseRuntimeClasspath
io.ktor:ktor-sse-jvm:3.5.2=debugRuntimeClasspath,debugUnitTestRuntimeClasspath,releaseRuntimeClasspath
io.ktor:ktor-sse:3.5.2=debugRuntimeClasspath,debugUnitTestRuntimeClasspath,releaseRuntimeClasspath
io.ktor:ktor-utils-jvm:3.5.2=debugRuntimeClasspath,debugUnitTestRuntimeClasspath,releaseRuntimeClasspath
io.ktor:ktor-utils:3.5.2=debugRuntimeClasspath,debugUnitTestRuntimeClasspath,releaseRuntimeClasspath
io.ktor:ktor-websocket-serialization-jvm:3.5.2=debugRuntimeClasspath,debugUnitTestRuntimeClasspath,releaseRuntimeClasspath
io.ktor:ktor-websocket-serialization:3.5.2=debugRuntimeClasspath,debugUnitTestRuntimeClasspath,releaseRuntimeClasspath
io.ktor:ktor-websockets-jvm:3.5.2=debugRuntimeClasspath,debugUnitTestRuntimeClasspath,releaseRuntimeClasspath
io.ktor:ktor-websockets:3.5.2=debugRuntimeClasspath,debugUnitTestRuntimeClasspath,releaseRuntimeClasspath
net.java.dev.jna:jna:5.19.1=debugRuntimeClasspath,debugUnitTestRuntimeClasspath,releaseRuntimeClasspath
org.bouncycastle:bcprov-jdk18on:1.85.2=debugRuntimeClasspath,debugUnitTestRuntimeClasspath,releaseRuntimeClasspath
org.hyperledger.identus:bip32-ed25519-android:1.8.8=debugRuntimeClasspath,debugUnitTestRuntimeClasspath,releaseRuntimeClasspath
org.hyperledger.identus:bip32-ed25519:1.8.8=debugRuntimeClasspath,debugUnitTestRuntimeClasspath,releaseRuntimeClasspath
org.jetbrains.androidx.lifecycle:lifecycle-common-jvm:2.11.0=debugRuntimeClasspath,debugUnitTestRuntimeClasspath,releaseRuntimeClasspath
org.jetbrains.androidx.lifecycle:lifecycle-common:2.11.0=debugRuntimeClasspath,debugUnitTestRuntimeClasspath,releaseRuntimeClasspath
org.jetbrains.androidx.lifecycle:lifecycle-common:2.9.6=debugCompileClasspath,debugUnitTestCompileClasspath
org.jetbrains.androidx.lifecycle:lifecycle-runtime-android:2.11.0=debugRuntimeClasspath,debugUnitTestRuntimeClasspath,releaseRuntimeClasspath
org.jetbrains.androidx.lifecycle:lifecycle-runtime-compose-android:2.11.0=debugRuntimeClasspath,debugUnitTestRuntimeClasspath,releaseRuntimeClasspath
org.jetbrains.androidx.lifecycle:lifecycle-runtime-compose:2.11.0=debugRuntimeClasspath,debugUnitTestRuntimeClasspath,releaseRuntimeClasspath
org.jetbrains.androidx.lifecycle:lifecycle-runtime-compose:2.9.6=debugCompileClasspath,debugUnitTestCompileClasspath
org.jetbrains.androidx.lifecycle:lifecycle-runtime:2.11.0=debugRuntimeClasspath,debugUnitTestRuntimeClasspath,releaseRuntimeClasspath
org.jetbrains.androidx.lifecycle:lifecycle-runtime:2.9.6=debugCompileClasspath,debugUnitTestCompileClasspath
org.jetbrains.androidx.lifecycle:lifecycle-viewmodel-android:2.11.0=debugRuntimeClasspath,debugUnitTestRuntimeClasspath,releaseRuntimeClasspath
org.jetbrains.androidx.lifecycle:lifecycle-viewmodel-compose-android:2.11.0=debugRuntimeClasspath,debugUnitTestRuntimeClasspath,releaseRuntimeClasspath
org.jetbrains.androidx.lifecycle:lifecycle-viewmodel-compose:2.11.0=debugRuntimeClasspath,debugUnitTestRuntimeClasspath,releaseRuntimeClasspath
org.jetbrains.androidx.lifecycle:lifecycle-viewmodel-savedstate-android:2.11.0=debugRuntimeClasspath,debugUnitTestRuntimeClasspath,releaseRuntimeClasspath
org.jetbrains.androidx.lifecycle:lifecycle-viewmodel-savedstate:2.11.0=debugRuntimeClasspath,debugUnitTestRuntimeClasspath,releaseRuntimeClasspath
org.jetbrains.androidx.lifecycle:lifecycle-viewmodel:2.11.0=debugRuntimeClasspath,debugUnitTestRuntimeClasspath,releaseRuntimeClasspath
org.jetbrains.androidx.savedstate:savedstate-compose:1.3.6=debugCompileClasspath,debugRuntimeClasspath,debugUnitTestCompileClasspath,debugUnitTestRuntimeClasspath,releaseRuntimeClasspath
org.jetbrains.androidx.savedstate:savedstate:1.3.6=debugCompileClasspath,debugRuntimeClasspath,debugUnitTestCompileClasspath,debugUnitTestRuntimeClasspath,releaseRuntimeClasspath
org.jetbrains.compose.animation:animation-core:1.11.1=debugRuntimeClasspath,debugUnitTestRuntimeClasspath,releaseRuntimeClasspath
org.jetbrains.compose.animation:animation:1.11.1=debugRuntimeClasspath,debugUnitTestRuntimeClasspath,releaseRuntimeClasspath
org.jetbrains.compose.components:components-resources-android:1.11.1=debugRuntimeClasspath,debugUnitTestRuntimeClasspath,releaseRuntimeClasspath
org.jetbrains.compose.components:components-resources:1.11.1=debugRuntimeClasspath,debugUnitTestRuntimeClasspath,releaseRuntimeClasspath
org.jetbrains.compose.foundation:foundation-layout:1.11.1=debugRuntimeClasspath,debugUnitTestRuntimeClasspath,releaseRuntimeClasspath
org.jetbrains.compose.foundation:foundation:1.11.1=debugRuntimeClasspath,debugUnitTestRuntimeClasspath,releaseRuntimeClasspath
org.jetbrains.compose.material3:material3:1.11.0-alpha07=debugRuntimeClasspath,debugUnitTestRuntimeClasspath,releaseRuntimeClasspath
org.jetbrains.compose.material:material-ripple:1.11.0-beta03=debugRuntimeClasspath,debugUnitTestRuntimeClasspath,releaseRuntimeClasspath
org.jetbrains.compose.runtime:runtime-saveable:1.11.1=debugCompileClasspath,debugRuntimeClasspath,debugUnitTestCompileClasspath,debugUnitTestRuntimeClasspath,releaseRuntimeClasspath
org.jetbrains.compose.runtime:runtime:1.11.1=debugCompileClasspath,debugRuntimeClasspath,debugUnitTestCompileClasspath,debugUnitTestRuntimeClasspath,releaseCompileClasspath,releaseRuntimeClasspath
org.jetbrains.compose.ui:ui-geometry:1.11.1=debugCompileClasspath,debugRuntimeClasspath,debugUnitTestCompileClasspath,debugUnitTestRuntimeClasspath,releaseRuntimeClasspath
org.jetbrains.compose.ui:ui-graphics:1.11.1=debugCompileClasspath,debugRuntimeClasspath,debugUnitTestCompileClasspath,debugUnitTestRuntimeClasspath,releaseRuntimeClasspath
org.jetbrains.compose.ui:ui-text:1.11.1=debugCompileClasspath,debugRuntimeClasspath,debugUnitTestCompileClasspath,debugUnitTestRuntimeClasspath,releaseRuntimeClasspath
org.jetbrains.compose.ui:ui-tooling-data:1.11.1=debugCompileClasspath,debugRuntimeClasspath,debugUnitTestCompileClasspath,debugUnitTestRuntimeClasspath
org.jetbrains.compose.ui:ui-tooling-preview:1.11.1=debugCompileClasspath,debugRuntimeClasspath,debugUnitTestCompileClasspath,debugUnitTestRuntimeClasspath,releaseCompileClasspath,releaseRuntimeClasspath
org.jetbrains.compose.ui:ui-tooling:1.11.1=debugCompileClasspath,debugRuntimeClasspath,debugUnitTestCompileClasspath,debugUnitTestRuntimeClasspath
org.jetbrains.compose.ui:ui-unit:1.11.1=debugCompileClasspath,debugRuntimeClasspath,debugUnitTestCompileClasspath,debugUnitTestRuntimeClasspath,releaseRuntimeClasspath
org.jetbrains.compose.ui:ui-util:1.11.1=debugCompileClasspath,debugRuntimeClasspath,debugUnitTestCompileClasspath,debugUnitTestRuntimeClasspath,releaseRuntimeClasspath
org.jetbrains.compose.ui:ui:1.11.1=debugCompileClasspath,debugRuntimeClasspath,debugUnitTestCompileClasspath,debugUnitTestRuntimeClasspath,releaseRuntimeClasspath
org.jetbrains.kotlin:kotlin-stdlib:2.4.10=debugCompileClasspath,debugRuntimeClasspath,debugUnitTestCompileClasspath,debugUnitTestRuntimeClasspath,releaseCompileClasspath,releaseRuntimeClasspath
org.jetbrains.kotlinx:atomicfu-jvm:0.26.1=debugRuntimeClasspath,debugUnitTestRuntimeClasspath,releaseRuntimeClasspath
org.jetbrains.kotlinx:atomicfu:0.26.1=debugRuntimeClasspath,debugUnitTestRuntimeClasspath,releaseRuntimeClasspath
org.jetbrains.kotlinx:kotlinx-coroutines-android:1.11.0=debugRuntimeClasspath,debugUnitTestRuntimeClasspath,releaseRuntimeClasspath
org.jetbrains.kotlinx:kotlinx-coroutines-android:1.9.0=debugCompileClasspath,debugUnitTestCompileClasspath,releaseCompileClasspath
org.jetbrains.kotlinx:kotlinx-coroutines-bom:1.11.0=debugRuntimeClasspath,debugUnitTestRuntimeClasspath,releaseRuntimeClasspath
org.jetbrains.kotlinx:kotlinx-coroutines-bom:1.9.0=debugCompileClasspath,debugUnitTestCompileClasspath,releaseCompileClasspath
org.jetbrains.kotlinx:kotlinx-coroutines-core-jvm:1.11.0=debugRuntimeClasspath,debugUnitTestRuntimeClasspath,releaseRuntimeClasspath
org.jetbrains.kotlinx:kotlinx-coroutines-core-jvm:1.9.0=debugCompileClasspath,debugUnitTestCompileClasspath,releaseCompileClasspath
org.jetbrains.kotlinx:kotlinx-coroutines-core:1.11.0=debugRuntimeClasspath,debugUnitTestRuntimeClasspath,releaseRuntimeClasspath
org.jetbrains.kotlinx:kotlinx-coroutines-core:1.9.0=debugCompileClasspath,debugUnitTestCompileClasspath,releaseCompileClasspath
org.jetbrains.kotlinx:kotlinx-coroutines-slf4j:1.11.0=debugRuntimeClasspath,debugUnitTestRuntimeClasspath,releaseRuntimeClasspath
org.jetbrains.kotlinx:kotlinx-io-bytestring-jvm:0.9.1=debugRuntimeClasspath,debugUnitTestRuntimeClasspath,releaseRuntimeClasspath
org.jetbrains.kotlinx:kotlinx-io-bytestring:0.9.1=debugRuntimeClasspath,debugUnitTestRuntimeClasspath,releaseRuntimeClasspath
org.jetbrains.kotlinx:kotlinx-io-core-jvm:0.9.1=debugRuntimeClasspath,debugUnitTestRuntimeClasspath,releaseRuntimeClasspath
org.jetbrains.kotlinx:kotlinx-io-core:0.9.1=debugRuntimeClasspath,debugUnitTestRuntimeClasspath,releaseRuntimeClasspath
org.jetbrains.kotlinx:kotlinx-serialization-bom:1.11.0=debugRuntimeClasspath,debugUnitTestRuntimeClasspath,releaseRuntimeClasspath
org.jetbrains.kotlinx:kotlinx-serialization-bom:1.7.3=debugCompileClasspath,debugUnitTestCompileClasspath,releaseCompileClasspath
org.jetbrains.kotlinx:kotlinx-serialization-core-jvm:1.11.0=debugRuntimeClasspath,debugUnitTestRuntimeClasspath,releaseRuntimeClasspath
org.jetbrains.kotlinx:kotlinx-serialization-core-jvm:1.7.3=debugCompileClasspath,debugUnitTestCompileClasspath,releaseCompileClasspath
org.jetbrains.kotlinx:kotlinx-serialization-core:1.11.0=debugRuntimeClasspath,debugUnitTestRuntimeClasspath,releaseRuntimeClasspath
org.jetbrains.kotlinx:kotlinx-serialization-core:1.7.3=debugCompileClasspath,debugUnitTestCompileClasspath,releaseCompileClasspath
org.jetbrains.kotlinx:kotlinx-serialization-json-io-jvm:1.11.0=debugRuntimeClasspath,debugUnitTestRuntimeClasspath,releaseRuntimeClasspath
org.jetbrains.kotlinx:kotlinx-serialization-json-io:1.11.0=debugRuntimeClasspath,debugUnitTestRuntimeClasspath,releaseRuntimeClasspath
org.jetbrains.kotlinx:kotlinx-serialization-json-jvm:1.11.0=debugRuntimeClasspath,debugUnitTestRuntimeClasspath,releaseRuntimeClasspath
org.jetbrains.kotlinx:kotlinx-serialization-json:1.11.0=debugRuntimeClasspath,debugUnitTestRuntimeClasspath,releaseRuntimeClasspath
org.jetbrains:annotations:23.0.0=debugCompileClasspath,debugRuntimeClasspath,debugUnitTestCompileClasspath,debugUnitTestRuntimeClasspath,releaseCompileClasspath,releaseRuntimeClasspath
org.jspecify:jspecify:1.0.0=debugCompileClasspath,debugRuntimeClasspath,debugUnitTestCompileClasspath,debugUnitTestRuntimeClasspath,releaseCompileClasspath,releaseRuntimeClasspath
org.kotlincrypto.bitops:bits-jvm:0.3.0=debugRuntimeClasspath,debugUnitTestRuntimeClasspath,releaseRuntimeClasspath
org.kotlincrypto.bitops:bits:0.3.0=debugRuntimeClasspath,debugUnitTestRuntimeClasspath,releaseRuntimeClasspath
org.kotlincrypto.bitops:endian-jvm:0.3.0=debugRuntimeClasspath,debugUnitTestRuntimeClasspath,releaseRuntimeClasspath
org.kotlincrypto.bitops:endian:0.3.0=debugRuntimeClasspath,debugUnitTestRuntimeClasspath,releaseRuntimeClasspath
org.kotlincrypto.core:core-jvm:0.8.0=debugRuntimeClasspath,debugUnitTestRuntimeClasspath,releaseRuntimeClasspath
org.kotlincrypto.core:core:0.8.0=debugRuntimeClasspath,debugUnitTestRuntimeClasspath,releaseRuntimeClasspath
org.kotlincrypto.core:digest-jvm:0.8.0=debugRuntimeClasspath,debugUnitTestRuntimeClasspath,releaseRuntimeClasspath
org.kotlincrypto.core:digest:0.8.0=debugRuntimeClasspath,debugUnitTestRuntimeClasspath,releaseRuntimeClasspath
org.kotlincrypto.hash:blake2-jvm:0.8.0=debugRuntimeClasspath,debugUnitTestRuntimeClasspath,releaseRuntimeClasspath
org.kotlincrypto.hash:blake2:0.8.0=debugRuntimeClasspath,debugUnitTestRuntimeClasspath,releaseRuntimeClasspath
org.kotlincrypto.hash:sha2-jvm:0.8.0=debugRuntimeClasspath,debugUnitTestRuntimeClasspath,releaseRuntimeClasspath
org.kotlincrypto.hash:sha2:0.8.0=debugRuntimeClasspath,debugUnitTestRuntimeClasspath,releaseRuntimeClasspath
org.kotlincrypto:error-jvm:0.4.0=debugRuntimeClasspath,debugUnitTestRuntimeClasspath,releaseRuntimeClasspath
org.kotlincrypto:error:0.4.0=debugRuntimeClasspath,debugUnitTestRuntimeClasspath,releaseRuntimeClasspath
org.slf4j:slf4j-api:2.0.18=debugRuntimeClasspath,debugUnitTestRuntimeClasspath,releaseRuntimeClasspath
empty=
