# This is a Gradle generated file for dependency locking.
# Manual edits can break the build and are not advised.
# This file is expected to be part of source control.
androidx.annotation:annotation-experimental:1.4.1=androidHostTestLintChecksClasspath,androidHostTestRuntimeClasspath,androidMainLintChecksClasspath,androidRuntimeClasspath
androidx.annotation:annotation-jvm:1.8.1=androidHostTestLintChecksClasspath,androidHostTestRuntimeClasspath,androidMainLintChecksClasspath,androidRuntimeClasspath
androidx.annotation:annotation:1.8.1=androidHostTestLintChecksClasspath,androidHostTestRuntimeClasspath,androidMainLintChecksClasspath,androidRuntimeClasspath
androidx.arch.core:core-common:2.2.0=androidHostTestLintChecksClasspath,androidHostTestRuntimeClasspath,androidMainLintChecksClasspath,androidRuntimeClasspath
androidx.arch.core:core-runtime:2.2.0=androidHostTestLintChecksClasspath,androidHostTestRuntimeClasspath,androidMainLintChecksClasspath,androidRuntimeClasspath
androidx.collection:collection-jvm:1.4.2=androidHostTestLintChecksClasspath,androidHostTestRuntimeClasspath,androidMainLintChecksClasspath,androidRuntimeClasspath
androidx.collection:collection:1.4.2=androidHostTestLintChecksClasspath,androidHostTestRuntimeClasspath,androidMainLintChecksClasspath,androidRuntimeClasspath
androidx.concurrent:concurrent-futures:1.1.0=androidHostTestLintChecksClasspath,androidHostTestRuntimeClasspath,androidMainLintChecksClasspath,androidRuntimeClasspath
androidx.core:core-ktx:1.16.0=androidHostTestLintChecksClasspath,androidHostTestRuntimeClasspath,androidMainLintChecksClasspath,androidRuntimeClasspath
androidx.core:core-viewtree:1.0.0=androidHostTestLintChecksClasspath,androidHostTestRuntimeClasspath,androidMainLintChecksClasspath,androidRuntimeClasspath
androidx.core:core:1.16.0=androidHostTestLintChecksClasspath,androidHostTestRuntimeClasspath,androidMainLintChecksClasspath,androidRuntimeClasspath
androidx.interpolator:interpolator:1.0.0=androidHostTestLintChecksClasspath,androidHostTestRuntimeClasspath,androidMainLintChecksClasspath,androidRuntimeClasspath
androidx.lifecycle:lifecycle-common:2.6.2=androidHostTestLintChecksClasspath,androidHostTestRuntimeClasspath,androidMainLintChecksClasspath,androidRuntimeClasspath
androidx.lifecycle:lifecycle-runtime:2.6.2=androidHostTestLintChecksClasspath,androidHostTestRuntimeClasspath,androidMainLintChecksClasspath,androidRuntimeClasspath
androidx.profileinstaller:profileinstaller:1.3.0=androidHostTestLintChecksClasspath,androidHostTestRuntimeClasspath,androidMainLintChecksClasspath,androidRuntimeClasspath
androidx.startup:startup-runtime:1.1.1=androidHostTestLintChecksClasspath,androidHostTestRuntimeClasspath,androidMainLintChecksClasspath,androidRuntimeClasspath
androidx.tracing:tracing:1.2.0=androidHostTestLintChecksClasspath,androidHostTestRuntimeClasspath,androidMainLintChecksClasspath,androidRuntimeClasspath
androidx.versionedparcelable:versionedparcelable:1.1.1=androidHostTestLintChecksClasspath,androidHostTestRuntimeClasspath,androidMainLintChecksClasspath,androidRuntimeClasspath
com.github.ben-manes.caffeine:caffeine:2.9.3=swiftExportClasspathResolvable
com.google.errorprone:error_prone_annotations:2.28.0=swiftExportClasspathResolvable
com.google.guava:listenablefuture:1.0=androidHostTestLintChecksClasspath,androidHostTestRuntimeClasspath,androidMainLintChecksClasspath,androidRuntimeClasspath
com.goterl:lazysodium-android:5.2.0=androidHostTestLintChecksClasspath,androidHostTestRuntimeClasspath,androidMainLintChecksClasspath,androidRuntimeClasspath
com.goterl:resource-loader:2.0.2=jvmMainRuntimeClasspath,jvmRuntimeClasspath,jvmTestRuntimeClasspath
com.ionspin.kotlin:multiplatform-crypto-libsodium-bindings-iosarm64:0.9.5=iosArm64CompilationDependenciesMetadata,iosArm64CompileKlibraries,iosArm64TestCompilationDependenciesMetadata,iosArm64TestCompileKlibraries
com.ionspin.kotlin:multiplatform-crypto-libsodium-bindings-iossimulatorarm64:0.9.5=iosSimulatorArm64CompilationDependenciesMetadata,iosSimulatorArm64CompileKlibraries,iosSimulatorArm64TestCompilationDependenciesMetadata,iosSimulatorArm64TestCompileKlibraries
com.ionspin.kotlin:multiplatform-crypto-libsodium-bindings-jvm:0.9.5=jvmMainRuntimeClasspath,jvmRuntimeClasspath,jvmTestRuntimeClasspath
com.ionspin.kotlin:multiplatform-crypto-libsodium-bindings:0.9.5=iosArm64CompilationDependenciesMetadata,iosArm64CompileKlibraries,iosArm64TestCompilationDependenciesMetadata,iosArm64TestCompileKlibraries,iosSimulatorArm64CompilationDependenciesMetadata,iosSimulatorArm64CompileKlibraries,iosSimulatorArm64TestCompilationDependenciesMetadata,iosSimulatorArm64TestCompileKlibraries,jvmMainRuntimeClasspath,jvmRuntimeClasspath,jvmTestRuntimeClasspath
com.squareup.okio:okio-iosarm64:3.7.0=iosArm64CompilationDependenciesMetadata,iosArm64CompileKlibraries,iosArm64TestCompilationDependenciesMetadata,iosArm64TestCompileKlibraries
com.squareup.okio:okio-iossimulatorarm64:3.7.0=iosSimulatorArm64CompilationDependenciesMetadata,iosSimulatorArm64CompileKlibraries,iosSimulatorArm64TestCompilationDependenciesMetadata,iosSimulatorArm64TestCompileKlibraries
com.squareup.okio:okio-jvm:3.7.0=androidHostTestLintChecksClasspath,androidHostTestRuntimeClasspath,androidMainLintChecksClasspath,androidRuntimeClasspath,jvmMainRuntimeClasspath,jvmRuntimeClasspath,jvmTestRuntimeClasspath
com.squareup.okio:okio:3.7.0=allSourceSetsCompileDependenciesMetadata,allTestSourceSetsCompileDependenciesMetadata,androidHostTestLintChecksClasspath,androidHostTestResolvableDependenciesMetadata,androidHostTestRuntimeClasspath,androidMainLintChecksClasspath,androidMainResolvableDependenciesMetadata,androidRuntimeClasspath,appleMainResolvableDependenciesMetadata,appleTestResolvableDependenciesMetadata,commonMainResolvableDependenciesMetadata,commonTestResolvableDependenciesMetadata,iosArm64CompilationDependenciesMetadata,iosArm64CompileKlibraries,iosArm64MainResolvableDependenciesMetadata,iosArm64TestCompilationDependenciesMetadata,iosArm64TestCompileKlibraries,iosArm64TestResolvableDependenciesMetadata,iosMainResolvableDependenciesMetadata,iosSimulatorArm64CompilationDependenciesMetadata,iosSimulatorArm64CompileKlibraries,iosSimulatorArm64MainResolvableDependenciesMetadata,iosSimulatorArm64TestCompilationDependenciesMetadata,iosSimulatorArm64TestCompileKlibraries,iosSimulatorArm64TestResolvableDependenciesMetadata,iosTestResolvableDependenciesMetadata,jvmMainResolvableDependenciesMetadata,jvmMainRuntimeClasspath,jvmRuntimeClasspath,jvmTestResolvableDependenciesMetadata,jvmTestRuntimeClasspath,metadataAppleMainCompileClasspath,metadataCommonMainCompileClasspath,metadataCompileClasspath,metadataIosMainCompileClasspath,metadataNativeMainCompileClasspath,nativeMainResolvableDependenciesMetadata,nativeTestResolvableDependenciesMetadata,swiftPMDependenciesMetadataClasspath
io.opentelemetry:opentelemetry-api:1.41.0=swiftExportClasspathResolvable
io.opentelemetry:opentelemetry-context:1.41.0=swiftExportClasspathResolvable
junit:junit:4.13.2=androidHostTestCompileClasspath,androidHostTestLintChecksClasspath,androidHostTestRuntimeClasspath,jvmTestCompileClasspath,jvmTestRuntimeClasspath
net.java.dev.jna:jna:5.19.1=androidHostTestLintChecksClasspath,androidHostTestRuntimeClasspath,androidMainLintChecksClasspath,androidRuntimeClasspath,jvmMainRuntimeClasspath,jvmRuntimeClasspath,jvmTestRuntimeClasspath
org.bouncycastle:bcprov-jdk18on:1.85.2=androidHostTestLintChecksClasspath,androidHostTestRuntimeClasspath,androidMainLintChecksClasspath,androidRuntimeClasspath,jvmMainRuntimeClasspath,jvmRuntimeClasspath,jvmTestRuntimeClasspath
org.checkerframework:checker-qual:3.43.0=swiftExportClasspathResolvable
org.hamcrest:hamcrest-core:1.3=androidHostTestCompileClasspath,androidHostTestLintChecksClasspath,androidHostTestRuntimeClasspath,jvmTestCompileClasspath,jvmTestRuntimeClasspath
org.hyperledger.identus:bip32-ed25519-android:1.8.8=androidHostTestLintChecksClasspath,androidHostTestRuntimeClasspath,androidMainLintChecksClasspath,androidRuntimeClasspath
org.hyperledger.identus:bip32-ed25519-iosarm64:1.8.8=iosArm64CompilationDependenciesMetadata,iosArm64CompileKlibraries,iosArm64TestCompilationDependenciesMetadata,iosArm64TestCompileKlibraries
org.hyperledger.identus:bip32-ed25519-iossimulatorarm64:1.8.8=iosSimulatorArm64CompilationDependenciesMetadata,iosSimulatorArm64CompileKlibraries,iosSimulatorArm64TestCompilationDependenciesMetadata,iosSimulatorArm64TestCompileKlibraries
org.hyperledger.identus:bip32-ed25519-jvm:1.8.8=jvmMainRuntimeClasspath,jvmRuntimeClasspath,jvmTestRuntimeClasspath
org.hyperledger.identus:bip32-ed25519:1.8.8=allSourceSetsCompileDependenciesMetadata,allTestSourceSetsCompileDependenciesMetadata,androidHostTestLintChecksClasspath,androidHostTestResolvableDependenciesMetadata,androidHostTestRuntimeClasspath,androidMainLintChecksClasspath,androidMainResolvableDependenciesMetadata,androidRuntimeClasspath,appleMainResolvableDependenciesMetadata,appleTestResolvableDependenciesMetadata,commonMainResolvableDependenciesMetadata,commonTestResolvableDependenciesMetadata,iosArm64CompilationDependenciesMetadata,iosArm64CompileKlibraries,iosArm64MainResolvableDependenciesMetadata,iosArm64TestCompilationDependenciesMetadata,iosArm64TestCompileKlibraries,iosArm64TestResolvableDependenciesMetadata,iosMainResolvableDependenciesMetadata,iosSimulatorArm64CompilationDependenciesMetadata,iosSimulatorArm64CompileKlibraries,iosSimulatorArm64MainResolvableDependenciesMetadata,iosSimulatorArm64TestCompilationDependenciesMetadata,iosSimulatorArm64TestCompileKlibraries,iosSimulatorArm64TestResolvableDependenciesMetadata,iosTestResolvableDependenciesMetadata,jvmMainResolvableDependenciesMetadata,jvmMainRuntimeClasspath,jvmRuntimeClasspath,jvmTestResolvableDependenciesMetadata,jvmTestRuntimeClasspath,metadataAppleMainCompileClasspath,metadataCommonMainCompileClasspath,metadataCompileClasspath,metadataIosMainCompileClasspath,metadataNativeMainCompileClasspath,nativeMainResolvableDependenciesMetadata,nativeTestResolvableDependenciesMetadata,swiftPMDependenciesMetadataClasspath
org.jetbrains.kotlin:kotlin-build-tools-api:2.4.0=kotlinAbiValidationCompatClasspath
org.jetbrains.kotlin:kotlin-build-tools-api:2.4.10=kotlinBuildToolsApiClasspath,kotlinCompilerClasspath,kotlinKlibCommonizerClasspath,swiftExportClasspathResolvable
org.jetbrains.kotlin:kotlin-build-tools-compat:2.4.10=kotlinAbiValidationCompatClasspath,kotlinBuildToolsApiClasspath,kotlinCompilerClasspath
org.jetbrains.kotlin:kotlin-build-tools-cri-impl:2.4.0=kotlinAbiValidationCompatClasspath
org.jetbrains.kotlin:kotlin-build-tools-cri-impl:2.4.10=kotlinBuildToolsApiClasspath,kotlinCompilerClasspath
org.jetbrains.kotlin:kotlin-build-tools-impl:2.4.0=kotlinAbiValidationCompatClasspath
org.jetbrains.kotlin:kotlin-build-tools-impl:2.4.10=kotlinBuildToolsApiClasspath,kotlinCompilerClasspath
org.jetbrains.kotlin:kotlin-compiler-embeddable:2.4.0=kotlinAbiValidationCompatClasspath
org.jetbrains.kotlin:kotlin-compiler-embeddable:2.4.10=kotlinBuildToolsApiClasspath,kotlinCompilerClasspath,kotlinKlibCommonizerClasspath,swiftExportClasspathResolvable
org.jetbrains.kotlin:kotlin-compiler-runner:2.4.0=kotlinAbiValidationCompatClasspath
org.jetbrains.kotlin:kotlin-compiler-runner:2.4.10=kotlinBuildToolsApiClasspath,kotlinCompilerClasspath
org.jetbrains.kotlin:kotlin-daemon-client:2.4.0=kotlinAbiValidationCompatClasspath
org.jetbrains.kotlin:kotlin-daemon-client:2.4.10=kotlinBuildToolsApiClasspath,kotlinCompilerClasspath
org.jetbrains.kotlin:kotlin-daemon-embeddable:2.4.0=kotlinAbiValidationCompatClasspath
org.jetbrains.kotlin:kotlin-daemon-embeddable:2.4.10=kotlinBuildToolsApiClasspath,kotlinCompilerClasspath,kotlinKlibCommonizerClasspath,swiftExportClasspathResolvable
org.jetbrains.kotlin:kotlin-klib-commonizer-embeddable:2.4.10=kotlinKlibCommonizerClasspath
org.jetbrains.kotlin:kotlin-native-prebuilt:2.4.10=kotlinNativeBundleConfiguration
org.jetbrains.kotlin:kotlin-reflect:1.6.10=kotlinAbiValidationCompatClasspath,kotlinBuildToolsApiClasspath,kotlinCompilerClasspath,kotlinKlibCommonizerClasspath,swiftExportClasspathResolvable
org.jetbrains.kotlin:kotlin-script-runtime:2.4.0=kotlinAbiValidationCompatClasspath
org.jetbrains.kotlin:kotlin-script-runtime:2.4.10=kotlinBuildToolsApiClasspath,kotlinCompilerClasspath,kotlinCompilerPluginClasspathAndroidHostTest,kotlinCompilerPluginClasspathAndroidMain,kotlinCompilerPluginClasspathJvmMain,kotlinCompilerPluginClasspathJvmTest,kotlinCompilerPluginClasspathMetadataCommonMain,kotlinCompilerPluginClasspathMetadataMain,kotlinKlibCommonizerClasspath,swiftExportClasspathResolvable
org.jetbrains.kotlin:kotlin-scripting-common:2.4.10=kotlinCompilerPluginClasspathAndroidHostTest,kotlinCompilerPluginClasspathAndroidMain,kotlinCompilerPluginClasspathJvmMain,kotlinCompilerPluginClasspathJvmTest,kotlinCompilerPluginClasspathMetadataCommonMain,kotlinCompilerPluginClasspathMetadataMain
org.jetbrains.kotlin:kotlin-scripting-compiler-embeddable:2.4.10=kotlinCompilerPluginClasspathAndroidHostTest,kotlinCompilerPluginClasspathAndroidMain,kotlinCompilerPluginClasspathJvmMain,kotlinCompilerPluginClasspathJvmTest,kotlinCompilerPluginClasspathMetadataCommonMain,kotlinCompilerPluginClasspathMetadataMain
org.jetbrains.kotlin:kotlin-scripting-compiler-impl-embeddable:2.4.10=kotlinCompilerPluginClasspathAndroidHostTest,kotlinCompilerPluginClasspathAndroidMain,kotlinCompilerPluginClasspathJvmMain,kotlinCompilerPluginClasspathJvmTest,kotlinCompilerPluginClasspathMetadataCommonMain,kotlinCompilerPluginClasspathMetadataMain
org.jetbrains.kotlin:kotlin-scripting-jvm:2.4.10=kotlinCompilerPluginClasspathAndroidHostTest,kotlinCompilerPluginClasspathAndroidMain,kotlinCompilerPluginClasspathJvmMain,kotlinCompilerPluginClasspathJvmTest,kotlinCompilerPluginClasspathMetadataCommonMain,kotlinCompilerPluginClasspathMetadataMain
org.jetbrains.kotlin:kotlin-stdlib-common:2.4.10=allSourceSetsCompileDependenciesMetadata,allTestSourceSetsCompileDependenciesMetadata,androidHostTestLintChecksClasspath,androidHostTestResolvableDependenciesMetadata,androidHostTestRuntimeClasspath,androidMainLintChecksClasspath,androidMainResolvableDependenciesMetadata,androidRuntimeClasspath,appleMainResolvableDependenciesMetadata,appleTestResolvableDependenciesMetadata,commonMainResolvableDependenciesMetadata,commonTestResolvableDependenciesMetadata,iosArm64MainResolvableDependenciesMetadata,iosArm64TestResolvableDependenciesMetadata,iosMainResolvableDependenciesMetadata,iosSimulatorArm64MainResolvableDependenciesMetadata,iosSimulatorArm64TestResolvableDependenciesMetadata,iosTestResolvableDependenciesMetadata,jvmMainResolvableDependenciesMetadata,jvmMainRuntimeClasspath,jvmTestResolvableDependenciesMetadata,metadataAppleMainCompileClasspath,metadataCommonMainCompileClasspath,metadataCompileClasspath,metadataIosMainCompileClasspath,metadataNativeMainCompileClasspath,nativeMainResolvableDependenciesMetadata,nativeTestResolvableDependenciesMetadata
org.jetbrains.kotlin:kotlin-stdlib-jdk7:1.9.23=jvmMainRuntimeClasspath,jvmRuntimeClasspath,jvmTestRuntimeClasspath
org.jetbrains.kotlin:kotlin-stdlib-jdk8:1.9.23=jvmMainRuntimeClasspath,jvmRuntimeClasspath,jvmTestRuntimeClasspath
org.jetbrains.kotlin:kotlin-stdlib:2.4.0=kotlinAbiValidationCompatClasspath
org.jetbrains.kotlin:kotlin-stdlib:2.4.10=allSourceSetsCompileDependenciesMetadata,allTestSourceSetsCompileDependenciesMetadata,androidCompileClasspath,androidHostTestCompileClasspath,androidHostTestLintChecksClasspath,androidHostTestResolvableDependenciesMetadata,androidHostTestRuntimeClasspath,androidMainLintChecksClasspath,androidMainResolvableDependenciesMetadata,androidRuntimeClasspath,commonMainResolvableDependenciesMetadata,commonTestResolvableDependenciesMetadata,iosArm64CInterop,iosArm64CompilationDependenciesMetadata,iosArm64CompileKlibraries,iosArm64TestCInterop,iosArm64TestCompilationDependenciesMetadata,iosArm64TestCompileKlibraries,iosSimulatorArm64CInterop,iosSimulatorArm64CompilationDependenciesMetadata,iosSimulatorArm64CompileKlibraries,iosSimulatorArm64TestCInterop,iosSimulatorArm64TestCompilationDependenciesMetadata,iosSimulatorArm64TestCompileKlibraries,jvmCompileClasspath,jvmMainCompileClasspath,jvmMainResolvableDependenciesMetadata,jvmMainRuntimeClasspath,jvmRuntimeClasspath,jvmTestCompileClasspath,jvmTestResolvableDependenciesMetadata,jvmTestRuntimeClasspath,kotlinBuildToolsApiClasspath,kotlinCompilerClasspath,kotlinCompilerPluginClasspathAndroidHostTest,kotlinCompilerPluginClasspathAndroidMain,kotlinCompilerPluginClasspathJvmMain,kotlinCompilerPluginClasspathJvmTest,kotlinCompilerPluginClasspathMetadataCommonMain,kotlinCompilerPluginClasspathMetadataMain,kotlinKlibCommonizerClasspath,metadataAppleMainCompileClasspath,metadataCommonMainCompileClasspath,metadataCompileClasspath,metadataIosMainCompileClasspath,metadataNativeMainCompileClasspath,resolvableIosArm64CompilationApi,resolvableIosSimulatorArm64CompilationApi,swiftExportClasspathResolvable,swiftPMDependenciesMetadataClasspath
org.jetbrains.kotlin:kotlin-test-junit:2.4.10=androidHostTestCompileClasspath,androidHostTestLintChecksClasspath,androidHostTestRuntimeClasspath,jvmTestCompileClasspath,jvmTestRuntimeClasspath
org.jetbrains.kotlin:kotlin-test:2.4.10=allTestSourceSetsCompileDependenciesMetadata,androidHostTestCompileClasspath,androidHostTestLintChecksClasspath,androidHostTestResolvableDependenciesMetadata,androidHostTestRuntimeClasspath,appleTestResolvableDependenciesMetadata,commonTestResolvableDependenciesMetadata,iosArm64TestCInterop,iosArm64TestCompilationDependenciesMetadata,iosArm64TestCompileKlibraries,iosArm64TestResolvableDependenciesMetadata,iosSimulatorArm64TestCInterop,iosSimulatorArm64TestCompilationDependenciesMetadata,iosSimulatorArm64TestCompileKlibraries,iosSimulatorArm64TestResolvableDependenciesMetadata,iosTestResolvableDependenciesMetadata,jvmTestCompileClasspath,jvmTestResolvableDependenciesMetadata,jvmTestRuntimeClasspath,nativeTestResolvableDependenciesMetadata
org.jetbrains.kotlin:kotlin-tooling-core:2.4.10=kotlinAbiValidationCompatClasspath,kotlinBuildToolsApiClasspath,kotlinCompilerClasspath
org.jetbrains.kotlin:swift-export-embeddable:2.4.10=swiftExportClasspathResolvable
org.jetbrains.kotlinx:atomicfu-iosarm64:0.32.1=iosArm64CompilationDependenciesMetadata,iosArm64CompileKlibraries,iosArm64TestCInterop,iosArm64TestCompilationDependenciesMetadata,iosArm64TestCompileKlibraries
org.jetbrains.kotlinx:atomicfu-iossimulatorarm64:0.32.1=iosSimulatorArm64CompilationDependenciesMetadata,iosSimulatorArm64CompileKlibraries,iosSimulatorArm64TestCInterop,iosSimulatorArm64TestCompilationDependenciesMetadata,iosSimulatorArm64TestCompileKlibraries
org.jetbrains.kotlinx:atomicfu-jvm:0.26.1=androidHostTestLintChecksClasspath,androidHostTestRuntimeClasspath,androidMainLintChecksClasspath,androidRuntimeClasspath,jvmMainRuntimeClasspath,jvmRuntimeClasspath,jvmTestRuntimeClasspath
org.jetbrains.kotlinx:atomicfu:0.26.1=allSourceSetsCompileDependenciesMetadata,allTestSourceSetsCompileDependenciesMetadata,androidHostTestLintChecksClasspath,androidHostTestResolvableDependenciesMetadata,androidHostTestRuntimeClasspath,androidMainLintChecksClasspath,androidMainResolvableDependenciesMetadata,androidRuntimeClasspath,appleMainResolvableDependenciesMetadata,appleTestResolvableDependenciesMetadata,commonMainResolvableDependenciesMetadata,commonTestResolvableDependenciesMetadata,iosArm64MainResolvableDependenciesMetadata,iosArm64TestResolvableDependenciesMetadata,iosMainResolvableDependenciesMetadata,iosSimulatorArm64MainResolvableDependenciesMetadata,iosSimulatorArm64TestResolvableDependenciesMetadata,iosTestResolvableDependenciesMetadata,jvmMainResolvableDependenciesMetadata,jvmMainRuntimeClasspath,jvmRuntimeClasspath,jvmTestResolvableDependenciesMetadata,jvmTestRuntimeClasspath,metadataAppleMainCompileClasspath,metadataCommonMainCompileClasspath,metadataCompileClasspath,metadataIosMainCompileClasspath,metadataNativeMainCompileClasspath,nativeMainResolvableDependenciesMetadata,nativeTestResolvableDependenciesMetadata,swiftPMDependenciesMetadataClasspath
org.jetbrains.kotlinx:atomicfu:0.32.1=iosArm64CompilationDependenciesMetadata,iosArm64CompileKlibraries,iosArm64TestCInterop,iosArm64TestCompilationDependenciesMetadata,iosArm64TestCompileKlibraries,iosSimulatorArm64CompilationDependenciesMetadata,iosSimulatorArm64CompileKlibraries,iosSimulatorArm64TestCInterop,iosSimulatorArm64TestCompilationDependenciesMetadata,iosSimulatorArm64TestCompileKlibraries
org.jetbrains.kotlinx:kotlinx-coroutines-android:1.11.0=androidHostTestLintChecksClasspath,androidHostTestRuntimeClasspath
org.jetbrains.kotlinx:kotlinx-coroutines-android:1.6.4=androidMainLintChecksClasspath,androidRuntimeClasspath
org.jetbrains.kotlinx:kotlinx-coroutines-bom:1.11.0=androidHostTestCompileClasspath,androidHostTestLintChecksClasspath,androidHostTestRuntimeClasspath,jvmMainRuntimeClasspath,jvmRuntimeClasspath,jvmTestCompileClasspath,jvmTestRuntimeClasspath
org.jetbrains.kotlinx:kotlinx-coroutines-bom:1.6.4=androidMainLintChecksClasspath,androidRuntimeClasspath
org.jetbrains.kotlinx:kotlinx-coroutines-core-iosarm64:1.11.0=iosArm64CompilationDependenciesMetadata,iosArm64CompileKlibraries,iosArm64TestCInterop,iosArm64TestCompilationDependenciesMetadata,iosArm64TestCompileKlibraries
org.jetbrains.kotlinx:kotlinx-coroutines-core-iossimulatorarm64:1.11.0=iosSimulatorArm64CompilationDependenciesMetadata,iosSimulatorArm64CompileKlibraries,iosSimulatorArm64TestCInterop,iosSimulatorArm64TestCompilationDependenciesMetadata,iosSimulatorArm64TestCompileKlibraries
org.jetbrains.kotlinx:kotlinx-coroutines-core-jvm:1.11.0=androidHostTestCompileClasspath,androidHostTestLintChecksClasspath,androidHostTestRuntimeClasspath,jvmMainRuntimeClasspath,jvmRuntimeClasspath,jvmTestCompileClasspath,jvmTestRuntimeClasspath
org.jetbrains.kotlinx:kotlinx-coroutines-core-jvm:1.6.4=androidMainLintChecksClasspath,androidRuntimeClasspath
org.jetbrains.kotlinx:kotlinx-coroutines-core-jvm:1.8.0=kotlinAbiValidationCompatClasspath,kotlinBuildToolsApiClasspath,kotlinCompilerClasspath,kotlinKlibCommonizerClasspath,swiftExportClasspathResolvable
org.jetbrains.kotlinx:kotlinx-coroutines-core:1.11.0=allTestSourceSetsCompileDependenciesMetadata,androidHostTestCompileClasspath,androidHostTestLintChecksClasspath,androidHostTestResolvableDependenciesMetadata,androidHostTestRuntimeClasspath,appleTestResolvableDependenciesMetadata,commonTestResolvableDependenciesMetadata,iosArm64CompilationDependenciesMetadata,iosArm64CompileKlibraries,iosArm64TestCInterop,iosArm64TestCompilationDependenciesMetadata,iosArm64TestCompileKlibraries,iosArm64TestResolvableDependenciesMetadata,iosSimulatorArm64CompilationDependenciesMetadata,iosSimulatorArm64CompileKlibraries,iosSimulatorArm64TestCInterop,iosSimulatorArm64TestCompilationDependenciesMetadata,iosSimulatorArm64TestCompileKlibraries,iosSimulatorArm64TestResolvableDependenciesMetadata,iosTestResolvableDependenciesMetadata,jvmMainRuntimeClasspath,jvmRuntimeClasspath,jvmTestCompileClasspath,jvmTestResolvableDependenciesMetadata,jvmTestRuntimeClasspath,nativeTestResolvableDependenciesMetadata
org.jetbrains.kotlinx:kotlinx-coroutines-core:1.6.4=androidMainLintChecksClasspath,androidRuntimeClasspath
org.jetbrains.kotlinx:kotlinx-coroutines-test-iosarm64:1.11.0=iosArm64TestCInterop,iosArm64TestCompilationDependenciesMetadata,iosArm64TestCompileKlibraries
org.jetbrains.kotlinx:kotlinx-coroutines-test-iossimulatorarm64:1.11.0=iosSimulatorArm64TestCInterop,iosSimulatorArm64TestCompilationDependenciesMetadata,iosSimulatorArm64TestCompileKlibraries
org.jetbrains.kotlinx:kotlinx-coroutines-test-jvm:1.11.0=androidHostTestCompileClasspath,androidHostTestLintChecksClasspath,androidHostTestRuntimeClasspath,jvmTestCompileClasspath,jvmTestRuntimeClasspath
org.jetbrains.kotlinx:kotlinx-coroutines-test:1.11.0=allTestSourceSetsCompileDependenciesMetadata,androidHostTestCompileClasspath,androidHostTestLintChecksClasspath,androidHostTestResolvableDependenciesMetadata,androidHostTestRuntimeClasspath,appleTestResolvableDependenciesMetadata,commonTestResolvableDependenciesMetadata,iosArm64TestCInterop,iosArm64TestCompilationDependenciesMetadata,iosArm64TestCompileKlibraries,iosArm64TestResolvableDependenciesMetadata,iosSimulatorArm64TestCInterop,iosSimulatorArm64TestCompilationDependenciesMetadata,iosSimulatorArm64TestCompileKlibraries,iosSimulatorArm64TestResolvableDependenciesMetadata,iosTestResolvableDependenciesMetadata,jvmTestCompileClasspath,jvmTestResolvableDependenciesMetadata,jvmTestRuntimeClasspath,nativeTestResolvableDependenciesMetadata
org.jetbrains.kotlinx:kotlinx-serialization-bom:1.6.3=androidHostTestLintChecksClasspath,androidHostTestRuntimeClasspath,androidMainLintChecksClasspath,androidRuntimeClasspath,jvmMainRuntimeClasspath,jvmRuntimeClasspath,jvmTestRuntimeClasspath
org.jetbrains.kotlinx:kotlinx-serialization-bom:1.7.3=swiftExportClasspathResolvable
org.jetbrains.kotlinx:kotlinx-serialization-core-iosarm64:1.6.3=iosArm64CompilationDependenciesMetadata,iosArm64CompileKlibraries,iosArm64TestCompilationDependenciesMetadata,iosArm64TestCompileKlibraries
org.jetbrains.kotlinx:kotlinx-serialization-core-iossimulatorarm64:1.6.3=iosSimulatorArm64CompilationDependenciesMetadata,iosSimulatorArm64CompileKlibraries,iosSimulatorArm64TestCompilationDependenciesMetadata,iosSimulatorArm64TestCompileKlibraries
org.jetbrains.kotlinx:kotlinx-serialization-core-jvm:1.6.3=androidHostTestLintChecksClasspath,androidHostTestRuntimeClasspath,androidMainLintChecksClasspath,androidRuntimeClasspath,jvmMainRuntimeClasspath,jvmRuntimeClasspath,jvmTestRuntimeClasspath
org.jetbrains.kotlinx:kotlinx-serialization-core-jvm:1.7.3=swiftExportClasspathResolvable
org.jetbrains.kotlinx:kotlinx-serialization-core:1.6.3=allSourceSetsCompileDependenciesMetadata,allTestSourceSetsCompileDependenciesMetadata,androidHostTestLintChecksClasspath,androidHostTestResolvableDependenciesMetadata,androidHostTestRuntimeClasspath,androidMainLintChecksClasspath,androidMainResolvableDependenciesMetadata,androidRuntimeClasspath,appleMainResolvableDependenciesMetadata,appleTestResolvableDependenciesMetadata,commonMainResolvableDependenciesMetadata,commonTestResolvableDependenciesMetadata,iosArm64CompilationDependenciesMetadata,iosArm64CompileKlibraries,iosArm64MainResolvableDependenciesMetadata,iosArm64TestCompilationDependenciesMetadata,iosArm64TestCompileKlibraries,iosArm64TestResolvableDependenciesMetadata,iosMainResolvableDependenciesMetadata,iosSimulatorArm64CompilationDependenciesMetadata,iosSimulatorArm64CompileKlibraries,iosSimulatorArm64MainResolvableDependenciesMetadata,iosSimulatorArm64TestCompilationDependenciesMetadata,iosSimulatorArm64TestCompileKlibraries,iosSimulatorArm64TestResolvableDependenciesMetadata,iosTestResolvableDependenciesMetadata,jvmMainResolvableDependenciesMetadata,jvmMainRuntimeClasspath,jvmRuntimeClasspath,jvmTestResolvableDependenciesMetadata,jvmTestRuntimeClasspath,metadataAppleMainCompileClasspath,metadataCommonMainCompileClasspath,metadataCompileClasspath,metadataIosMainCompileClasspath,metadataNativeMainCompileClasspath,nativeMainResolvableDependenciesMetadata,nativeTestResolvableDependenciesMetadata,swiftPMDependenciesMetadataClasspath
org.jetbrains.kotlinx:kotlinx-serialization-json-iosarm64:1.6.3=iosArm64CompilationDependenciesMetadata,iosArm64CompileKlibraries,iosArm64TestCompilationDependenciesMetadata,iosArm64TestCompileKlibraries
org.jetbrains.kotlinx:kotlinx-serialization-json-iossimulatorarm64:1.6.3=iosSimulatorArm64CompilationDependenciesMetadata,iosSimulatorArm64CompileKlibraries,iosSimulatorArm64TestCompilationDependenciesMetadata,iosSimulatorArm64TestCompileKlibraries
org.jetbrains.kotlinx:kotlinx-serialization-json-jvm:1.6.3=androidHostTestLintChecksClasspath,androidHostTestRuntimeClasspath,androidMainLintChecksClasspath,androidRuntimeClasspath,jvmMainRuntimeClasspath,jvmRuntimeClasspath,jvmTestRuntimeClasspath
org.jetbrains.kotlinx:kotlinx-serialization-json:1.6.3=allSourceSetsCompileDependenciesMetadata,allTestSourceSetsCompileDependenciesMetadata,androidHostTestLintChecksClasspath,androidHostTestResolvableDependenciesMetadata,androidHostTestRuntimeClasspath,androidMainLintChecksClasspath,androidMainResolvableDependenciesMetadata,androidRuntimeClasspath,appleMainResolvableDependenciesMetadata,appleTestResolvableDependenciesMetadata,commonMainResolvableDependenciesMetadata,commonTestResolvableDependenciesMetadata,iosArm64CompilationDependenciesMetadata,iosArm64CompileKlibraries,iosArm64MainResolvableDependenciesMetadata,iosArm64TestCompilationDependenciesMetadata,iosArm64TestCompileKlibraries,iosArm64TestResolvableDependenciesMetadata,iosMainResolvableDependenciesMetadata,iosSimulatorArm64CompilationDependenciesMetadata,iosSimulatorArm64CompileKlibraries,iosSimulatorArm64MainResolvableDependenciesMetadata,iosSimulatorArm64TestCompilationDependenciesMetadata,iosSimulatorArm64TestCompileKlibraries,iosSimulatorArm64TestResolvableDependenciesMetadata,iosTestResolvableDependenciesMetadata,jvmMainResolvableDependenciesMetadata,jvmMainRuntimeClasspath,jvmRuntimeClasspath,jvmTestResolvableDependenciesMetadata,jvmTestRuntimeClasspath,metadataAppleMainCompileClasspath,metadataCommonMainCompileClasspath,metadataCompileClasspath,metadataIosMainCompileClasspath,metadataNativeMainCompileClasspath,nativeMainResolvableDependenciesMetadata,nativeTestResolvableDependenciesMetadata,swiftPMDependenciesMetadataClasspath
org.jetbrains:annotations:13.0=androidCompileClasspath,androidMainLintChecksClasspath,androidRuntimeClasspath,jvmCompileClasspath,jvmMainCompileClasspath,kotlinAbiValidationCompatClasspath,kotlinBuildToolsApiClasspath,kotlinCompilerClasspath,kotlinCompilerPluginClasspathAndroidHostTest,kotlinCompilerPluginClasspathAndroidMain,kotlinCompilerPluginClasspathJvmMain,kotlinCompilerPluginClasspathJvmTest,kotlinCompilerPluginClasspathMetadataCommonMain,kotlinCompilerPluginClasspathMetadataMain,kotlinKlibCommonizerClasspath,swiftExportClasspathResolvable
org.jetbrains:annotations:23.0.0=androidHostTestCompileClasspath,androidHostTestLintChecksClasspath,androidHostTestRuntimeClasspath,jvmMainRuntimeClasspath,jvmRuntimeClasspath,jvmTestCompileClasspath,jvmTestRuntimeClasspath
org.jspecify:jspecify:1.0.0=androidHostTestLintChecksClasspath,androidHostTestRuntimeClasspath,androidMainLintChecksClasspath,androidRuntimeClasspath
org.kotlincrypto.bitops:bits-iosarm64:0.3.0=iosArm64CompilationDependenciesMetadata,iosArm64CompileKlibraries,iosArm64TestCompilationDependenciesMetadata,iosArm64TestCompileKlibraries
org.kotlincrypto.bitops:bits-iossimulatorarm64:0.3.0=iosSimulatorArm64CompilationDependenciesMetadata,iosSimulatorArm64CompileKlibraries,iosSimulatorArm64TestCompilationDependenciesMetadata,iosSimulatorArm64TestCompileKlibraries
org.kotlincrypto.bitops:bits-jvm:0.3.0=androidHostTestLintChecksClasspath,androidHostTestRuntimeClasspath,androidMainLintChecksClasspath,androidRuntimeClasspath,jvmMainRuntimeClasspath,jvmRuntimeClasspath,jvmTestRuntimeClasspath
org.kotlincrypto.bitops:bits:0.3.0=allSourceSetsCompileDependenciesMetadata,allTestSourceSetsCompileDependenciesMetadata,androidHostTestLintChecksClasspath,androidHostTestResolvableDependenciesMetadata,androidHostTestRuntimeClasspath,androidMainLintChecksClasspath,androidMainResolvableDependenciesMetadata,androidRuntimeClasspath,appleMainResolvableDependenciesMetadata,appleTestResolvableDependenciesMetadata,commonMainResolvableDependenciesMetadata,commonTestResolvableDependenciesMetadata,iosArm64CompilationDependenciesMetadata,iosArm64CompileKlibraries,iosArm64MainResolvableDependenciesMetadata,iosArm64TestCompilationDependenciesMetadata,iosArm64TestCompileKlibraries,iosArm64TestResolvableDependenciesMetadata,iosMainResolvableDependenciesMetadata,iosSimulatorArm64CompilationDependenciesMetadata,iosSimulatorArm64CompileKlibraries,iosSimulatorArm64MainResolvableDependenciesMetadata,iosSimulatorArm64TestCompilationDependenciesMetadata,iosSimulatorArm64TestCompileKlibraries,iosSimulatorArm64TestResolvableDependenciesMetadata,iosTestResolvableDependenciesMetadata,jvmMainResolvableDependenciesMetadata,jvmMainRuntimeClasspath,jvmRuntimeClasspath,jvmTestResolvableDependenciesMetadata,jvmTestRuntimeClasspath,metadataAppleMainCompileClasspath,metadataCommonMainCompileClasspath,metadataCompileClasspath,metadataIosMainCompileClasspath,metadataNativeMainCompileClasspath,nativeMainResolvableDependenciesMetadata,nativeTestResolvableDependenciesMetadata,swiftPMDependenciesMetadataClasspath
org.kotlincrypto.bitops:endian-iosarm64:0.3.0=iosArm64CompilationDependenciesMetadata,iosArm64CompileKlibraries,iosArm64TestCompilationDependenciesMetadata,iosArm64TestCompileKlibraries
org.kotlincrypto.bitops:endian-iossimulatorarm64:0.3.0=iosSimulatorArm64CompilationDependenciesMetadata,iosSimulatorArm64CompileKlibraries,iosSimulatorArm64TestCompilationDependenciesMetadata,iosSimulatorArm64TestCompileKlibraries
org.kotlincrypto.bitops:endian-jvm:0.3.0=androidHostTestLintChecksClasspath,androidHostTestRuntimeClasspath,androidMainLintChecksClasspath,androidRuntimeClasspath,jvmMainRuntimeClasspath,jvmRuntimeClasspath,jvmTestRuntimeClasspath
org.kotlincrypto.bitops:endian:0.3.0=allSourceSetsCompileDependenciesMetadata,allTestSourceSetsCompileDependenciesMetadata,androidHostTestLintChecksClasspath,androidHostTestResolvableDependenciesMetadata,androidHostTestRuntimeClasspath,androidMainLintChecksClasspath,androidMainResolvableDependenciesMetadata,androidRuntimeClasspath,appleMainResolvableDependenciesMetadata,appleTestResolvableDependenciesMetadata,commonMainResolvableDependenciesMetadata,commonTestResolvableDependenciesMetadata,iosArm64CompilationDependenciesMetadata,iosArm64CompileKlibraries,iosArm64MainResolvableDependenciesMetadata,iosArm64TestCompilationDependenciesMetadata,iosArm64TestCompileKlibraries,iosArm64TestResolvableDependenciesMetadata,iosMainResolvableDependenciesMetadata,iosSimulatorArm64CompilationDependenciesMetadata,iosSimulatorArm64CompileKlibraries,iosSimulatorArm64MainResolvableDependenciesMetadata,iosSimulatorArm64TestCompilationDependenciesMetadata,iosSimulatorArm64TestCompileKlibraries,iosSimulatorArm64TestResolvableDependenciesMetadata,iosTestResolvableDependenciesMetadata,jvmMainResolvableDependenciesMetadata,jvmMainRuntimeClasspath,jvmRuntimeClasspath,jvmTestResolvableDependenciesMetadata,jvmTestRuntimeClasspath,metadataAppleMainCompileClasspath,metadataCommonMainCompileClasspath,metadataCompileClasspath,metadataIosMainCompileClasspath,metadataNativeMainCompileClasspath,nativeMainResolvableDependenciesMetadata,nativeTestResolvableDependenciesMetadata,swiftPMDependenciesMetadataClasspath
org.kotlincrypto.core:core-iosarm64:0.8.0=iosArm64CompilationDependenciesMetadata,iosArm64CompileKlibraries,iosArm64TestCompilationDependenciesMetadata,iosArm64TestCompileKlibraries
org.kotlincrypto.core:core-iossimulatorarm64:0.8.0=iosSimulatorArm64CompilationDependenciesMetadata,iosSimulatorArm64CompileKlibraries,iosSimulatorArm64TestCompilationDependenciesMetadata,iosSimulatorArm64TestCompileKlibraries
org.kotlincrypto.core:core-jvm:0.8.0=androidHostTestLintChecksClasspath,androidHostTestRuntimeClasspath,androidMainLintChecksClasspath,androidRuntimeClasspath,jvmMainRuntimeClasspath,jvmRuntimeClasspath,jvmTestRuntimeClasspath
org.kotlincrypto.core:core:0.8.0=allSourceSetsCompileDependenciesMetadata,allTestSourceSetsCompileDependenciesMetadata,androidHostTestLintChecksClasspath,androidHostTestResolvableDependenciesMetadata,androidHostTestRuntimeClasspath,androidMainLintChecksClasspath,androidMainResolvableDependenciesMetadata,androidRuntimeClasspath,appleMainResolvableDependenciesMetadata,appleTestResolvableDependenciesMetadata,commonMainResolvableDependenciesMetadata,commonTestResolvableDependenciesMetadata,iosArm64CompilationDependenciesMetadata,iosArm64CompileKlibraries,iosArm64MainResolvableDependenciesMetadata,iosArm64TestCompilationDependenciesMetadata,iosArm64TestCompileKlibraries,iosArm64TestResolvableDependenciesMetadata,iosMainResolvableDependenciesMetadata,iosSimulatorArm64CompilationDependenciesMetadata,iosSimulatorArm64CompileKlibraries,iosSimulatorArm64MainResolvableDependenciesMetadata,iosSimulatorArm64TestCompilationDependenciesMetadata,iosSimulatorArm64TestCompileKlibraries,iosSimulatorArm64TestResolvableDependenciesMetadata,iosTestResolvableDependenciesMetadata,jvmMainResolvableDependenciesMetadata,jvmMainRuntimeClasspath,jvmRuntimeClasspath,jvmTestResolvableDependenciesMetadata,jvmTestRuntimeClasspath,metadataAppleMainCompileClasspath,metadataCommonMainCompileClasspath,metadataCompileClasspath,metadataIosMainCompileClasspath,metadataNativeMainCompileClasspath,nativeMainResolvableDependenciesMetadata,nativeTestResolvableDependenciesMetadata,swiftPMDependenciesMetadataClasspath
org.kotlincrypto.core:digest-iosarm64:0.8.0=iosArm64CompilationDependenciesMetadata,iosArm64CompileKlibraries,iosArm64TestCompilationDependenciesMetadata,iosArm64TestCompileKlibraries
org.kotlincrypto.core:digest-iossimulatorarm64:0.8.0=iosSimulatorArm64CompilationDependenciesMetadata,iosSimulatorArm64CompileKlibraries,iosSimulatorArm64TestCompilationDependenciesMetadata,iosSimulatorArm64TestCompileKlibraries
org.kotlincrypto.core:digest-jvm:0.8.0=androidHostTestLintChecksClasspath,androidHostTestRuntimeClasspath,androidMainLintChecksClasspath,androidRuntimeClasspath,jvmMainRuntimeClasspath,jvmRuntimeClasspath,jvmTestRuntimeClasspath
org.kotlincrypto.core:digest:0.8.0=allSourceSetsCompileDependenciesMetadata,allTestSourceSetsCompileDependenciesMetadata,androidHostTestLintChecksClasspath,androidHostTestResolvableDependenciesMetadata,androidHostTestRuntimeClasspath,androidMainLintChecksClasspath,androidMainResolvableDependenciesMetadata,androidRuntimeClasspath,appleMainResolvableDependenciesMetadata,appleTestResolvableDependenciesMetadata,commonMainResolvableDependenciesMetadata,commonTestResolvableDependenciesMetadata,iosArm64CompilationDependenciesMetadata,iosArm64CompileKlibraries,iosArm64MainResolvableDependenciesMetadata,iosArm64TestCompilationDependenciesMetadata,iosArm64TestCompileKlibraries,iosArm64TestResolvableDependenciesMetadata,iosMainResolvableDependenciesMetadata,iosSimulatorArm64CompilationDependenciesMetadata,iosSimulatorArm64CompileKlibraries,iosSimulatorArm64MainResolvableDependenciesMetadata,iosSimulatorArm64TestCompilationDependenciesMetadata,iosSimulatorArm64TestCompileKlibraries,iosSimulatorArm64TestResolvableDependenciesMetadata,iosTestResolvableDependenciesMetadata,jvmMainResolvableDependenciesMetadata,jvmMainRuntimeClasspath,jvmRuntimeClasspath,jvmTestResolvableDependenciesMetadata,jvmTestRuntimeClasspath,metadataAppleMainCompileClasspath,metadataCommonMainCompileClasspath,metadataCompileClasspath,metadataIosMainCompileClasspath,metadataNativeMainCompileClasspath,nativeMainResolvableDependenciesMetadata,nativeTestResolvableDependenciesMetadata,swiftPMDependenciesMetadataClasspath
org.kotlincrypto.hash:blake2-iosarm64:0.8.0=iosArm64CompilationDependenciesMetadata,iosArm64CompileKlibraries,iosArm64TestCompilationDependenciesMetadata,iosArm64TestCompileKlibraries
org.kotlincrypto.hash:blake2-iossimulatorarm64:0.8.0=iosSimulatorArm64CompilationDependenciesMetadata,iosSimulatorArm64CompileKlibraries,iosSimulatorArm64TestCompilationDependenciesMetadata,iosSimulatorArm64TestCompileKlibraries
org.kotlincrypto.hash:blake2-jvm:0.8.0=androidHostTestLintChecksClasspath,androidHostTestRuntimeClasspath,androidMainLintChecksClasspath,androidRuntimeClasspath,jvmMainRuntimeClasspath,jvmRuntimeClasspath,jvmTestRuntimeClasspath
org.kotlincrypto.hash:blake2:0.8.0=allSourceSetsCompileDependenciesMetadata,allTestSourceSetsCompileDependenciesMetadata,androidHostTestLintChecksClasspath,androidHostTestResolvableDependenciesMetadata,androidHostTestRuntimeClasspath,androidMainLintChecksClasspath,androidMainResolvableDependenciesMetadata,androidRuntimeClasspath,appleMainResolvableDependenciesMetadata,appleTestResolvableDependenciesMetadata,commonMainResolvableDependenciesMetadata,commonTestResolvableDependenciesMetadata,iosArm64CompilationDependenciesMetadata,iosArm64CompileKlibraries,iosArm64MainResolvableDependenciesMetadata,iosArm64TestCompilationDependenciesMetadata,iosArm64TestCompileKlibraries,iosArm64TestResolvableDependenciesMetadata,iosMainResolvableDependenciesMetadata,iosSimulatorArm64CompilationDependenciesMetadata,iosSimulatorArm64CompileKlibraries,iosSimulatorArm64MainResolvableDependenciesMetadata,iosSimulatorArm64TestCompilationDependenciesMetadata,iosSimulatorArm64TestCompileKlibraries,iosSimulatorArm64TestResolvableDependenciesMetadata,iosTestResolvableDependenciesMetadata,jvmMainResolvableDependenciesMetadata,jvmMainRuntimeClasspath,jvmRuntimeClasspath,jvmTestResolvableDependenciesMetadata,jvmTestRuntimeClasspath,metadataAppleMainCompileClasspath,metadataCommonMainCompileClasspath,metadataCompileClasspath,metadataIosMainCompileClasspath,metadataNativeMainCompileClasspath,nativeMainResolvableDependenciesMetadata,nativeTestResolvableDependenciesMetadata,swiftPMDependenciesMetadataClasspath
org.kotlincrypto.hash:sha2-iosarm64:0.8.0=iosArm64CompilationDependenciesMetadata,iosArm64CompileKlibraries,iosArm64TestCompilationDependenciesMetadata,iosArm64TestCompileKlibraries
org.kotlincrypto.hash:sha2-iossimulatorarm64:0.8.0=iosSimulatorArm64CompilationDependenciesMetadata,iosSimulatorArm64CompileKlibraries,iosSimulatorArm64TestCompilationDependenciesMetadata,iosSimulatorArm64TestCompileKlibraries
org.kotlincrypto.hash:sha2-jvm:0.8.0=androidHostTestLintChecksClasspath,androidHostTestRuntimeClasspath,androidMainLintChecksClasspath,androidRuntimeClasspath,jvmMainRuntimeClasspath,jvmRuntimeClasspath,jvmTestRuntimeClasspath
org.kotlincrypto.hash:sha2:0.8.0=allSourceSetsCompileDependenciesMetadata,allTestSourceSetsCompileDependenciesMetadata,androidHostTestLintChecksClasspath,androidHostTestResolvableDependenciesMetadata,androidHostTestRuntimeClasspath,androidMainLintChecksClasspath,androidMainResolvableDependenciesMetadata,androidRuntimeClasspath,appleMainResolvableDependenciesMetadata,appleTestResolvableDependenciesMetadata,commonMainResolvableDependenciesMetadata,commonTestResolvableDependenciesMetadata,iosArm64CompilationDependenciesMetadata,iosArm64CompileKlibraries,iosArm64MainResolvableDependenciesMetadata,iosArm64TestCompilationDependenciesMetadata,iosArm64TestCompileKlibraries,iosArm64TestResolvableDependenciesMetadata,iosMainResolvableDependenciesMetadata,iosSimulatorArm64CompilationDependenciesMetadata,iosSimulatorArm64CompileKlibraries,iosSimulatorArm64MainResolvableDependenciesMetadata,iosSimulatorArm64TestCompilationDependenciesMetadata,iosSimulatorArm64TestCompileKlibraries,iosSimulatorArm64TestResolvableDependenciesMetadata,iosTestResolvableDependenciesMetadata,jvmMainResolvableDependenciesMetadata,jvmMainRuntimeClasspath,jvmRuntimeClasspath,jvmTestResolvableDependenciesMetadata,jvmTestRuntimeClasspath,metadataAppleMainCompileClasspath,metadataCommonMainCompileClasspath,metadataCompileClasspath,metadataIosMainCompileClasspath,metadataNativeMainCompileClasspath,nativeMainResolvableDependenciesMetadata,nativeTestResolvableDependenciesMetadata,swiftPMDependenciesMetadataClasspath
org.kotlincrypto:error-iosarm64:0.4.0=iosArm64CompilationDependenciesMetadata,iosArm64CompileKlibraries,iosArm64TestCompilationDependenciesMetadata,iosArm64TestCompileKlibraries
org.kotlincrypto:error-iossimulatorarm64:0.4.0=iosSimulatorArm64CompilationDependenciesMetadata,iosSimulatorArm64CompileKlibraries,iosSimulatorArm64TestCompilationDependenciesMetadata,iosSimulatorArm64TestCompileKlibraries
org.kotlincrypto:error-jvm:0.4.0=androidHostTestLintChecksClasspath,androidHostTestRuntimeClasspath,androidMainLintChecksClasspath,androidRuntimeClasspath,jvmMainRuntimeClasspath,jvmRuntimeClasspath,jvmTestRuntimeClasspath
org.kotlincrypto:error:0.4.0=allSourceSetsCompileDependenciesMetadata,allTestSourceSetsCompileDependenciesMetadata,androidHostTestLintChecksClasspath,androidHostTestResolvableDependenciesMetadata,androidHostTestRuntimeClasspath,androidMainLintChecksClasspath,androidMainResolvableDependenciesMetadata,androidRuntimeClasspath,appleMainResolvableDependenciesMetadata,appleTestResolvableDependenciesMetadata,commonMainResolvableDependenciesMetadata,commonTestResolvableDependenciesMetadata,iosArm64CompilationDependenciesMetadata,iosArm64CompileKlibraries,iosArm64MainResolvableDependenciesMetadata,iosArm64TestCompilationDependenciesMetadata,iosArm64TestCompileKlibraries,iosArm64TestResolvableDependenciesMetadata,iosMainResolvableDependenciesMetadata,iosSimulatorArm64CompilationDependenciesMetadata,iosSimulatorArm64CompileKlibraries,iosSimulatorArm64MainResolvableDependenciesMetadata,iosSimulatorArm64TestCompilationDependenciesMetadata,iosSimulatorArm64TestCompileKlibraries,iosSimulatorArm64TestResolvableDependenciesMetadata,iosTestResolvableDependenciesMetadata,jvmMainResolvableDependenciesMetadata,jvmMainRuntimeClasspath,jvmRuntimeClasspath,jvmTestResolvableDependenciesMetadata,jvmTestRuntimeClasspath,metadataAppleMainCompileClasspath,metadataCommonMainCompileClasspath,metadataCompileClasspath,metadataIosMainCompileClasspath,metadataNativeMainCompileClasspath,nativeMainResolvableDependenciesMetadata,nativeTestResolvableDependenciesMetadata,swiftPMDependenciesMetadataClasspath
org.slf4j:slf4j-api:2.0.0-alpha1=jvmMainRuntimeClasspath,jvmRuntimeClasspath,jvmTestRuntimeClasspath
empty=androidApis,androidHostTestImplementationDependenciesMetadata,androidJdkImage,androidMainImplementationDependenciesMetadata,androidTestUtil,appleMainImplementationDependenciesMetadata,appleTestImplementationDependenciesMetadata,commonMainImplementationDependenciesMetadata,commonTestImplementationDependenciesMetadata,coreLibraryDesugaring,hostTestKotlinScriptDefExtensions,iosArm64MainImplementationDependenciesMetadata,iosArm64TestImplementationDependenciesMetadata,iosMainImplementationDependenciesMetadata,iosSimulatorArm64MainImplementationDependenciesMetadata,iosSimulatorArm64TestImplementationDependenciesMetadata,iosTestImplementationDependenciesMetadata,jvmMainAnnotationProcessor,jvmMainImplementationDependenciesMetadata,jvmTestAnnotationProcessor,jvmTestImplementationDependenciesMetadata,kotlinCompilerPluginClasspath,kotlinCompilerPluginClasspathIosArm64Main,kotlinCompilerPluginClasspathIosArm64Test,kotlinCompilerPluginClasspathIosSimulatorArm64Main,kotlinCompilerPluginClasspathIosSimulatorArm64Test,kotlinCompilerPluginClasspathMetadataAppleMain,kotlinCompilerPluginClasspathMetadataIosMain,kotlinCompilerPluginClasspathMetadataNativeMain,kotlinNativeCompilerPluginClasspath,kotlinScriptDefExtensions,lintChecks,lintPublish,nativeMainImplementationDependenciesMetadata,nativeTestImplementationDependenciesMetadata,resolvableIosArm64TestCompilationApi,resolvableIosSimulatorArm64TestCompilationApi,testKotlinScriptDefExtensions
