# This is a Gradle generated file for dependency locking.
# Manual edits can break the build and are not advised.
# This file is expected to be part of source control.
# To regenerate this file, run: ./gradlew :wallet:dependencies --write-locks
androidx.annotation:annotation-experimental:1.4.1=androidHostTestRuntimeClasspath,androidRuntimeClasspath
androidx.annotation:annotation-jvm:1.8.1=androidHostTestRuntimeClasspath,androidRuntimeClasspath
androidx.annotation:annotation:1.8.1=androidHostTestRuntimeClasspath,androidRuntimeClasspath
androidx.arch.core:core-common:2.2.0=androidHostTestRuntimeClasspath,androidRuntimeClasspath
androidx.arch.core:core-runtime:2.2.0=androidHostTestRuntimeClasspath,androidRuntimeClasspath
androidx.collection:collection-jvm:1.4.2=androidHostTestRuntimeClasspath,androidRuntimeClasspath
androidx.collection:collection:1.4.2=androidHostTestRuntimeClasspath,androidRuntimeClasspath
androidx.concurrent:concurrent-futures:1.1.0=androidHostTestRuntimeClasspath,androidRuntimeClasspath
androidx.core:core-ktx:1.16.0=androidHostTestRuntimeClasspath,androidRuntimeClasspath
androidx.core:core-viewtree:1.0.0=androidHostTestRuntimeClasspath,androidRuntimeClasspath
androidx.core:core:1.16.0=androidHostTestRuntimeClasspath,androidRuntimeClasspath
androidx.interpolator:interpolator:1.0.0=androidHostTestRuntimeClasspath,androidRuntimeClasspath
androidx.lifecycle:lifecycle-common:2.6.2=androidHostTestRuntimeClasspath,androidRuntimeClasspath
androidx.lifecycle:lifecycle-runtime:2.6.2=androidHostTestRuntimeClasspath,androidRuntimeClasspath
androidx.profileinstaller:profileinstaller:1.3.0=androidHostTestRuntimeClasspath,androidRuntimeClasspath
androidx.startup:startup-runtime:1.1.1=androidHostTestRuntimeClasspath,androidRuntimeClasspath
androidx.tracing:tracing:1.2.0=androidHostTestRuntimeClasspath,androidRuntimeClasspath
androidx.versionedparcelable:versionedparcelable:1.1.1=androidHostTestRuntimeClasspath,androidRuntimeClasspath
com.google.guava:listenablefuture:1.0=androidHostTestRuntimeClasspath,androidRuntimeClasspath
com.goterl:lazysodium-android:5.2.0=androidHostTestRuntimeClasspath,androidRuntimeClasspath
com.goterl:resource-loader:2.0.2=jvmTestRuntimeClasspath
com.ionspin.kotlin:multiplatform-crypto-libsodium-bindings-jvm:0.9.5=jvmTestRuntimeClasspath
com.ionspin.kotlin:multiplatform-crypto-libsodium-bindings:0.9.5=jvmTestRuntimeClasspath
com.squareup.okio:okio-jvm:3.7.0=androidHostTestRuntimeClasspath,androidRuntimeClasspath,jvmTestRuntimeClasspath
com.squareup.okio:okio:3.7.0=androidHostTestRuntimeClasspath,androidRuntimeClasspath,jvmTestRuntimeClasspath
junit:junit:4.13.2=androidHostTestCompileClasspath,androidHostTestRuntimeClasspath,jvmTestCompileClasspath,jvmTestRuntimeClasspath
net.java.dev.jna:jna:5.19.1=androidHostTestRuntimeClasspath,androidRuntimeClasspath,jvmTestRuntimeClasspath
org.bouncycastle:bcprov-jdk18on:1.85.2=androidHostTestRuntimeClasspath,androidRuntimeClasspath,jvmTestRuntimeClasspath
org.hamcrest:hamcrest-core:1.3=androidHostTestCompileClasspath,androidHostTestRuntimeClasspath,jvmTestCompileClasspath,jvmTestRuntimeClasspath
org.hyperledger.identus:bip32-ed25519-android:1.8.8=androidHostTestRuntimeClasspath,androidRuntimeClasspath
org.hyperledger.identus:bip32-ed25519-jvm:1.8.8=jvmTestRuntimeClasspath
org.hyperledger.identus:bip32-ed25519:1.8.8=androidHostTestRuntimeClasspath,androidRuntimeClasspath,jvmTestRuntimeClasspath
org.jetbrains.kotlin:kotlin-stdlib-common:2.4.10=androidHostTestRuntimeClasspath,androidRuntimeClasspath
org.jetbrains.kotlin:kotlin-stdlib-jdk7:1.9.23=jvmTestRuntimeClasspath
org.jetbrains.kotlin:kotlin-stdlib-jdk8:1.9.23=jvmTestRuntimeClasspath
org.jetbrains.kotlin:kotlin-stdlib:2.4.10=androidCompileClasspath,androidHostTestCompileClasspath,androidHostTestRuntimeClasspath,androidRuntimeClasspath,jvmCompileClasspath,jvmTestCompileClasspath,jvmTestRuntimeClasspath
org.jetbrains.kotlin:kotlin-test-junit:2.4.10=androidHostTestCompileClasspath,androidHostTestRuntimeClasspath,jvmTestCompileClasspath,jvmTestRuntimeClasspath
org.jetbrains.kotlin:kotlin-test:2.4.10=androidHostTestCompileClasspath,androidHostTestRuntimeClasspath,jvmTestCompileClasspath,jvmTestRuntimeClasspath
org.jetbrains.kotlinx:atomicfu-jvm:0.26.1=androidHostTestRuntimeClasspath,androidRuntimeClasspath,jvmTestRuntimeClasspath
org.jetbrains.kotlinx:atomicfu:0.26.1=androidHostTestRuntimeClasspath,androidRuntimeClasspath,jvmTestRuntimeClasspath
org.jetbrains.kotlinx:kotlinx-coroutines-android:1.11.0=androidHostTestRuntimeClasspath
org.jetbrains.kotlinx:kotlinx-coroutines-android:1.6.4=androidRuntimeClasspath
org.jetbrains.kotlinx:kotlinx-coroutines-bom:1.11.0=androidHostTestCompileClasspath,androidHostTestRuntimeClasspath,jvmTestCompileClasspath,jvmTestRuntimeClasspath
org.jetbrains.kotlinx:kotlinx-coroutines-bom:1.6.4=androidRuntimeClasspath
org.jetbrains.kotlinx:kotlinx-coroutines-core-jvm:1.11.0=androidHostTestCompileClasspath,androidHostTestRuntimeClasspath,jvmTestCompileClasspath,jvmTestRuntimeClasspath
org.jetbrains.kotlinx:kotlinx-coroutines-core-jvm:1.6.4=androidRuntimeClasspath
org.jetbrains.kotlinx:kotlinx-coroutines-core:1.11.0=androidHostTestCompileClasspath,androidHostTestRuntimeClasspath,jvmTestCompileClasspath,jvmTestRuntimeClasspath
org.jetbrains.kotlinx:kotlinx-coroutines-core:1.6.4=androidRuntimeClasspath
org.jetbrains.kotlinx:kotlinx-coroutines-test-jvm:1.11.0=androidHostTestCompileClasspath,androidHostTestRuntimeClasspath,jvmTestCompileClasspath,jvmTestRuntimeClasspath
org.jetbrains.kotlinx:kotlinx-coroutines-test:1.11.0=androidHostTestCompileClasspath,androidHostTestRuntimeClasspath,jvmTestCompileClasspath,jvmTestRuntimeClasspath
org.jetbrains.kotlinx:kotlinx-serialization-bom:1.6.3=androidHostTestRuntimeClasspath,androidRuntimeClasspath,jvmTestRuntimeClasspath
org.jetbrains.kotlinx:kotlinx-serialization-core-jvm:1.6.3=androidHostTestRuntimeClasspath,androidRuntimeClasspath,jvmTestRuntimeClasspath
org.jetbrains.kotlinx:kotlinx-serialization-core:1.6.3=androidHostTestRuntimeClasspath,androidRuntimeClasspath,jvmTestRuntimeClasspath
org.jetbrains.kotlinx:kotlinx-serialization-json-jvm:1.6.3=androidHostTestRuntimeClasspath,androidRuntimeClasspath,jvmTestRuntimeClasspath
org.jetbrains.kotlinx:kotlinx-serialization-json:1.6.3=androidHostTestRuntimeClasspath,androidRuntimeClasspath,jvmTestRuntimeClasspath
org.jetbrains:annotations:13.0=androidCompileClasspath,androidRuntimeClasspath,jvmCompileClasspath
org.jetbrains:annotations:23.0.0=androidHostTestCompileClasspath,androidHostTestRuntimeClasspath,jvmTestCompileClasspath,jvmTestRuntimeClasspath
org.jspecify:jspecify:1.0.0=androidHostTestRuntimeClasspath,androidRuntimeClasspath
org.kotlincrypto.bitops:bits-jvm:0.3.0=androidHostTestRuntimeClasspath,androidRuntimeClasspath,jvmTestRuntimeClasspath
org.kotlincrypto.bitops:bits:0.3.0=androidHostTestRuntimeClasspath,androidRuntimeClasspath,jvmTestRuntimeClasspath
org.kotlincrypto.bitops:endian-jvm:0.3.0=androidHostTestRuntimeClasspath,androidRuntimeClasspath,jvmTestRuntimeClasspath
org.kotlincrypto.bitops:endian:0.3.0=androidHostTestRuntimeClasspath,androidRuntimeClasspath,jvmTestRuntimeClasspath
org.kotlincrypto.core:core-jvm:0.8.0=androidHostTestRuntimeClasspath,androidRuntimeClasspath,jvmTestRuntimeClasspath
org.kotlincrypto.core:core:0.8.0=androidHostTestRuntimeClasspath,androidRuntimeClasspath,jvmTestRuntimeClasspath
org.kotlincrypto.core:digest-jvm:0.8.0=androidHostTestRuntimeClasspath,androidRuntimeClasspath,jvmTestRuntimeClasspath
org.kotlincrypto.core:digest:0.8.0=androidHostTestRuntimeClasspath,androidRuntimeClasspath,jvmTestRuntimeClasspath
org.kotlincrypto.hash:blake2-jvm:0.8.0=androidHostTestRuntimeClasspath,androidRuntimeClasspath,jvmTestRuntimeClasspath
org.kotlincrypto.hash:blake2:0.8.0=androidHostTestRuntimeClasspath,androidRuntimeClasspath,jvmTestRuntimeClasspath
org.kotlincrypto.hash:sha2-jvm:0.8.0=androidHostTestRuntimeClasspath,androidRuntimeClasspath,jvmTestRuntimeClasspath
org.kotlincrypto.hash:sha2:0.8.0=androidHostTestRuntimeClasspath,androidRuntimeClasspath,jvmTestRuntimeClasspath
org.kotlincrypto:error-jvm:0.4.0=androidHostTestRuntimeClasspath,androidRuntimeClasspath,jvmTestRuntimeClasspath
org.kotlincrypto:error:0.4.0=androidHostTestRuntimeClasspath,androidRuntimeClasspath,jvmTestRuntimeClasspath
org.slf4j:slf4j-api:2.0.0-alpha1=jvmTestRuntimeClasspath
empty=
