# This is a Gradle generated file for dependency locking.
# Manual edits can break the build and are not advised.
# This file is expected to be part of source control.
androidx.annotation:annotation-jvm:1.9.1=compileClasspath,composeHotReloadDevDevRuntimeClasspath,composeHotReloadDevRuntimeClasspath,composeHotReloadDevTestRuntimeClasspath,devCompileClasspath,devRuntimeClasspath,runtimeClasspath,testCompileClasspath,testRuntimeClasspath
androidx.annotation:annotation:1.9.1=compileClasspath,composeHotReloadDevDevRuntimeClasspath,composeHotReloadDevRuntimeClasspath,composeHotReloadDevTestRuntimeClasspath,devCompileClasspath,devRuntimeClasspath,runtimeClasspath,testCompileClasspath,testRuntimeClasspath
androidx.arch.core:core-common:2.2.0=compileClasspath,composeHotReloadDevDevRuntimeClasspath,composeHotReloadDevRuntimeClasspath,composeHotReloadDevTestRuntimeClasspath,devCompileClasspath,devRuntimeClasspath,runtimeClasspath,testCompileClasspath,testRuntimeClasspath
androidx.collection:collection-jvm:1.5.0=compileClasspath,composeHotReloadDevDevRuntimeClasspath,composeHotReloadDevRuntimeClasspath,composeHotReloadDevTestRuntimeClasspath,devCompileClasspath,devRuntimeClasspath,runtimeClasspath,testCompileClasspath,testRuntimeClasspath
androidx.collection:collection:1.5.0=compileClasspath,composeHotReloadDevDevRuntimeClasspath,composeHotReloadDevRuntimeClasspath,composeHotReloadDevTestRuntimeClasspath,devCompileClasspath,devRuntimeClasspath,runtimeClasspath,testCompileClasspath,testRuntimeClasspath
androidx.compose.runtime:runtime-annotation-jvm:1.11.2=compileClasspath,composeHotReloadDevDevRuntimeClasspath,composeHotReloadDevRuntimeClasspath,composeHotReloadDevTestRuntimeClasspath,devCompileClasspath,devRuntimeClasspath,runtimeClasspath,testCompileClasspath,testRuntimeClasspath
androidx.compose.runtime:runtime-annotation:1.11.2=compileClasspath,composeHotReloadDevDevRuntimeClasspath,composeHotReloadDevRuntimeClasspath,composeHotReloadDevTestRuntimeClasspath,devCompileClasspath,devRuntimeClasspath,runtimeClasspath,testCompileClasspath,testRuntimeClasspath
androidx.compose.runtime:runtime-desktop:1.11.2=compileClasspath,composeHotReloadDevDevRuntimeClasspath,composeHotReloadDevRuntimeClasspath,composeHotReloadDevTestRuntimeClasspath,devCompileClasspath,devRuntimeClasspath,runtimeClasspath,testCompileClasspath,testRuntimeClasspath
androidx.compose.runtime:runtime-retain-desktop:1.11.2=compileClasspath,composeHotReloadDevDevRuntimeClasspath,composeHotReloadDevRuntimeClasspath,composeHotReloadDevTestRuntimeClasspath,devCompileClasspath,devRuntimeClasspath,runtimeClasspath,testCompileClasspath,testRuntimeClasspath
androidx.compose.runtime:runtime-retain:1.11.2=compileClasspath,composeHotReloadDevDevRuntimeClasspath,composeHotReloadDevRuntimeClasspath,composeHotReloadDevTestRuntimeClasspath,devCompileClasspath,devRuntimeClasspath,runtimeClasspath,testCompileClasspath,testRuntimeClasspath
androidx.compose.runtime:runtime-saveable-desktop:1.11.2=compileClasspath,composeHotReloadDevDevRuntimeClasspath,composeHotReloadDevRuntimeClasspath,composeHotReloadDevTestRuntimeClasspath,devCompileClasspath,devRuntimeClasspath,runtimeClasspath,testCompileClasspath,testRuntimeClasspath
androidx.compose.runtime:runtime-saveable:1.11.2=compileClasspath,composeHotReloadDevDevRuntimeClasspath,composeHotReloadDevRuntimeClasspath,composeHotReloadDevTestRuntimeClasspath,devCompileClasspath,devRuntimeClasspath,runtimeClasspath,testCompileClasspath,testRuntimeClasspath
androidx.compose.runtime:runtime:1.11.2=compileClasspath,composeHotReloadDevDevRuntimeClasspath,composeHotReloadDevRuntimeClasspath,composeHotReloadDevTestRuntimeClasspath,devCompileClasspath,devRuntimeClasspath,runtimeClasspath,testCompileClasspath,testRuntimeClasspath
androidx.graphics:graphics-shapes-desktop:1.1.0=composeHotReloadDevDevRuntimeClasspath,composeHotReloadDevRuntimeClasspath,composeHotReloadDevTestRuntimeClasspath,devRuntimeClasspath,runtimeClasspath,testRuntimeClasspath
androidx.graphics:graphics-shapes:1.1.0=composeHotReloadDevDevRuntimeClasspath,composeHotReloadDevRuntimeClasspath,composeHotReloadDevTestRuntimeClasspath,devRuntimeClasspath,runtimeClasspath,testRuntimeClasspath
androidx.lifecycle:lifecycle-common-jvm:2.10.0=composeHotReloadDevDevRuntimeClasspath,composeHotReloadDevRuntimeClasspath,composeHotReloadDevTestRuntimeClasspath,devRuntimeClasspath,runtimeClasspath,testRuntimeClasspath
androidx.lifecycle:lifecycle-common-jvm:2.9.4=compileClasspath,devCompileClasspath,testCompileClasspath
androidx.lifecycle:lifecycle-common:2.10.0=composeHotReloadDevDevRuntimeClasspath,composeHotReloadDevRuntimeClasspath,composeHotReloadDevTestRuntimeClasspath,devRuntimeClasspath,runtimeClasspath,testRuntimeClasspath
androidx.lifecycle:lifecycle-common:2.9.4=compileClasspath,devCompileClasspath,testCompileClasspath
androidx.lifecycle:lifecycle-runtime-compose-desktop:2.10.0=composeHotReloadDevDevRuntimeClasspath,composeHotReloadDevRuntimeClasspath,composeHotReloadDevTestRuntimeClasspath,devRuntimeClasspath,runtimeClasspath,testRuntimeClasspath
androidx.lifecycle:lifecycle-runtime-compose-desktop:2.9.4=compileClasspath,devCompileClasspath,testCompileClasspath
androidx.lifecycle:lifecycle-runtime-compose:2.10.0=composeHotReloadDevDevRuntimeClasspath,composeHotReloadDevRuntimeClasspath,composeHotReloadDevTestRuntimeClasspath,devRuntimeClasspath,runtimeClasspath,testRuntimeClasspath
androidx.lifecycle:lifecycle-runtime-compose:2.9.4=compileClasspath,devCompileClasspath,testCompileClasspath
androidx.lifecycle:lifecycle-runtime-desktop:2.10.0=composeHotReloadDevDevRuntimeClasspath,composeHotReloadDevRuntimeClasspath,composeHotReloadDevTestRuntimeClasspath,devRuntimeClasspath,runtimeClasspath,testRuntimeClasspath
androidx.lifecycle:lifecycle-runtime-desktop:2.9.4=compileClasspath,devCompileClasspath,testCompileClasspath
androidx.lifecycle:lifecycle-runtime:2.10.0=composeHotReloadDevDevRuntimeClasspath,composeHotReloadDevRuntimeClasspath,composeHotReloadDevTestRuntimeClasspath,devRuntimeClasspath,runtimeClasspath,testRuntimeClasspath
androidx.lifecycle:lifecycle-runtime:2.9.4=compileClasspath,devCompileClasspath,testCompileClasspath
androidx.lifecycle:lifecycle-viewmodel-desktop:2.10.0=composeHotReloadDevDevRuntimeClasspath,composeHotReloadDevRuntimeClasspath,composeHotReloadDevTestRuntimeClasspath,devRuntimeClasspath,runtimeClasspath,testRuntimeClasspath
androidx.lifecycle:lifecycle-viewmodel-savedstate-desktop:2.10.0=composeHotReloadDevDevRuntimeClasspath,composeHotReloadDevRuntimeClasspath,composeHotReloadDevTestRuntimeClasspath,devRuntimeClasspath,runtimeClasspath,testRuntimeClasspath
androidx.lifecycle:lifecycle-viewmodel-savedstate:2.10.0=composeHotReloadDevDevRuntimeClasspath,composeHotReloadDevRuntimeClasspath,composeHotReloadDevTestRuntimeClasspath,devRuntimeClasspath,runtimeClasspath,testRuntimeClasspath
androidx.lifecycle:lifecycle-viewmodel:2.10.0=composeHotReloadDevDevRuntimeClasspath,composeHotReloadDevRuntimeClasspath,composeHotReloadDevTestRuntimeClasspath,devRuntimeClasspath,runtimeClasspath,testRuntimeClasspath
androidx.navigationevent:navigationevent-desktop:1.0.1=composeHotReloadDevDevRuntimeClasspath,composeHotReloadDevRuntimeClasspath,composeHotReloadDevTestRuntimeClasspath,devRuntimeClasspath,runtimeClasspath,testRuntimeClasspath
androidx.navigationevent:navigationevent:1.0.1=composeHotReloadDevDevRuntimeClasspath,composeHotReloadDevRuntimeClasspath,composeHotReloadDevTestRuntimeClasspath,devRuntimeClasspath,runtimeClasspath,testRuntimeClasspath
androidx.savedstate:savedstate-compose-desktop:1.4.0=compileClasspath,composeHotReloadDevDevRuntimeClasspath,composeHotReloadDevRuntimeClasspath,composeHotReloadDevTestRuntimeClasspath,devCompileClasspath,devRuntimeClasspath,runtimeClasspath,testCompileClasspath,testRuntimeClasspath
androidx.savedstate:savedstate-compose:1.4.0=compileClasspath,composeHotReloadDevDevRuntimeClasspath,composeHotReloadDevRuntimeClasspath,composeHotReloadDevTestRuntimeClasspath,devCompileClasspath,devRuntimeClasspath,runtimeClasspath,testCompileClasspath,testRuntimeClasspath
androidx.savedstate:savedstate-desktop:1.4.0=compileClasspath,composeHotReloadDevDevRuntimeClasspath,composeHotReloadDevRuntimeClasspath,composeHotReloadDevTestRuntimeClasspath,devCompileClasspath,devRuntimeClasspath,runtimeClasspath,testCompileClasspath,testRuntimeClasspath
androidx.savedstate:savedstate:1.4.0=compileClasspath,composeHotReloadDevDevRuntimeClasspath,composeHotReloadDevRuntimeClasspath,composeHotReloadDevTestRuntimeClasspath,devCompileClasspath,devRuntimeClasspath,runtimeClasspath,testCompileClasspath,testRuntimeClasspath
com.goterl:resource-loader:2.0.2=composeHotReloadDevDevRuntimeClasspath,composeHotReloadDevRuntimeClasspath,composeHotReloadDevTestRuntimeClasspath,devRuntimeClasspath,runtimeClasspath,testRuntimeClasspath
com.ionspin.kotlin:multiplatform-crypto-libsodium-bindings-jvm:0.9.5=composeHotReloadDevDevRuntimeClasspath,composeHotReloadDevRuntimeClasspath,composeHotReloadDevTestRuntimeClasspath,devRuntimeClasspath,runtimeClasspath,testRuntimeClasspath
com.ionspin.kotlin:multiplatform-crypto-libsodium-bindings:0.9.5=composeHotReloadDevDevRuntimeClasspath,composeHotReloadDevRuntimeClasspath,composeHotReloadDevTestRuntimeClasspath,devRuntimeClasspath,runtimeClasspath,testRuntimeClasspath
com.squareup.okio:okio-jvm:3.7.0=composeHotReloadDevDevRuntimeClasspath,composeHotReloadDevRuntimeClasspath,composeHotReloadDevTestRuntimeClasspath,devRuntimeClasspath,runtimeClasspath,testRuntimeClasspath
com.squareup.okio:okio:3.7.0=composeHotReloadDevDevRuntimeClasspath,composeHotReloadDevRuntimeClasspath,composeHotReloadDevTestRuntimeClasspath,devRuntimeClasspath,runtimeClasspath,testRuntimeClasspath
io.ktor:ktor-client-cio-jvm:3.5.2=composeHotReloadDevDevRuntimeClasspath,composeHotReloadDevRuntimeClasspath,composeHotReloadDevTestRuntimeClasspath,devRuntimeClasspath,runtimeClasspath,testRuntimeClasspath
io.ktor:ktor-client-cio:3.5.2=composeHotReloadDevDevRuntimeClasspath,composeHotReloadDevRuntimeClasspath,composeHotReloadDevTestRuntimeClasspath,devRuntimeClasspath,runtimeClasspath,testRuntimeClasspath
io.ktor:ktor-client-content-negotiation-jvm:3.5.2=composeHotReloadDevDevRuntimeClasspath,composeHotReloadDevRuntimeClasspath,composeHotReloadDevTestRuntimeClasspath,devRuntimeClasspath,runtimeClasspath,testRuntimeClasspath
io.ktor:ktor-client-content-negotiation:3.5.2=composeHotReloadDevDevRuntimeClasspath,composeHotReloadDevRuntimeClasspath,composeHotReloadDevTestRuntimeClasspath,devRuntimeClasspath,runtimeClasspath,testRuntimeClasspath
io.ktor:ktor-client-core-jvm:3.5.2=composeHotReloadDevDevRuntimeClasspath,composeHotReloadDevRuntimeClasspath,composeHotReloadDevTestRuntimeClasspath,devRuntimeClasspath,runtimeClasspath,testRuntimeClasspath
io.ktor:ktor-client-core:3.5.2=composeHotReloadDevDevRuntimeClasspath,composeHotReloadDevRuntimeClasspath,composeHotReloadDevTestRuntimeClasspath,devRuntimeClasspath,runtimeClasspath,testRuntimeClasspath
io.ktor:ktor-events-jvm:3.5.2=composeHotReloadDevDevRuntimeClasspath,composeHotReloadDevRuntimeClasspath,composeHotReloadDevTestRuntimeClasspath,devRuntimeClasspath,runtimeClasspath,testRuntimeClasspath
io.ktor:ktor-events:3.5.2=composeHotReloadDevDevRuntimeClasspath,composeHotReloadDevRuntimeClasspath,composeHotReloadDevTestRuntimeClasspath,devRuntimeClasspath,runtimeClasspath,testRuntimeClasspath
io.ktor:ktor-http-cio-jvm:3.5.2=composeHotReloadDevDevRuntimeClasspath,composeHotReloadDevRuntimeClasspath,composeHotReloadDevTestRuntimeClasspath,devRuntimeClasspath,runtimeClasspath,testRuntimeClasspath
io.ktor:ktor-http-cio:3.5.2=composeHotReloadDevDevRuntimeClasspath,composeHotReloadDevRuntimeClasspath,composeHotReloadDevTestRuntimeClasspath,devRuntimeClasspath,runtimeClasspath,testRuntimeClasspath
io.ktor:ktor-http-jvm:3.5.2=composeHotReloadDevDevRuntimeClasspath,composeHotReloadDevRuntimeClasspath,composeHotReloadDevTestRuntimeClasspath,devRuntimeClasspath,runtimeClasspath,testRuntimeClasspath
io.ktor:ktor-http:3.5.2=composeHotReloadDevDevRuntimeClasspath,composeHotReloadDevRuntimeClasspath,composeHotReloadDevTestRuntimeClasspath,devRuntimeClasspath,runtimeClasspath,testRuntimeClasspath
io.ktor:ktor-io-jvm:3.5.2=composeHotReloadDevDevRuntimeClasspath,composeHotReloadDevRuntimeClasspath,composeHotReloadDevTestRuntimeClasspath,devRuntimeClasspath,runtimeClasspath,testRuntimeClasspath
io.ktor:ktor-io:3.5.2=composeHotReloadDevDevRuntimeClasspath,composeHotReloadDevRuntimeClasspath,composeHotReloadDevTestRuntimeClasspath,devRuntimeClasspath,runtimeClasspath,testRuntimeClasspath
io.ktor:ktor-network-jvm:3.5.2=composeHotReloadDevDevRuntimeClasspath,composeHotReloadDevRuntimeClasspath,composeHotReloadDevTestRuntimeClasspath,devRuntimeClasspath,runtimeClasspath,testRuntimeClasspath
io.ktor:ktor-network-tls-jvm:3.5.2=composeHotReloadDevDevRuntimeClasspath,composeHotReloadDevRuntimeClasspath,composeHotReloadDevTestRuntimeClasspath,devRuntimeClasspath,runtimeClasspath,testRuntimeClasspath
io.ktor:ktor-network-tls:3.5.2=composeHotReloadDevDevRuntimeClasspath,composeHotReloadDevRuntimeClasspath,composeHotReloadDevTestRuntimeClasspath,devRuntimeClasspath,runtimeClasspath,testRuntimeClasspath
io.ktor:ktor-network:3.5.2=composeHotReloadDevDevRuntimeClasspath,composeHotReloadDevRuntimeClasspath,composeHotReloadDevTestRuntimeClasspath,devRuntimeClasspath,runtimeClasspath,testRuntimeClasspath
io.ktor:ktor-serialization-jvm:3.5.2=composeHotReloadDevDevRuntimeClasspath,composeHotReloadDevRuntimeClasspath,composeHotReloadDevTestRuntimeClasspath,devRuntimeClasspath,runtimeClasspath,testRuntimeClasspath
io.ktor:ktor-serialization-kotlinx-json-jvm:3.5.2=composeHotReloadDevDevRuntimeClasspath,composeHotReloadDevRuntimeClasspath,composeHotReloadDevTestRuntimeClasspath,devRuntimeClasspath,runtimeClasspath,testRuntimeClasspath
io.ktor:ktor-serialization-kotlinx-json:3.5.2=composeHotReloadDevDevRuntimeClasspath,composeHotReloadDevRuntimeClasspath,composeHotReloadDevTestRuntimeClasspath,devRuntimeClasspath,runtimeClasspath,testRuntimeClasspath
io.ktor:ktor-serialization-kotlinx-jvm:3.5.2=composeHotReloadDevDevRuntimeClasspath,composeHotReloadDevRuntimeClasspath,composeHotReloadDevTestRuntimeClasspath,devRuntimeClasspath,runtimeClasspath,testRuntimeClasspath
io.ktor:ktor-serialization-kotlinx:3.5.2=composeHotReloadDevDevRuntimeClasspath,composeHotReloadDevRuntimeClasspath,composeHotReloadDevTestRuntimeClasspath,devRuntimeClasspath,runtimeClasspath,testRuntimeClasspath
io.ktor:ktor-serialization:3.5.2=composeHotReloadDevDevRuntimeClasspath,composeHotReloadDevRuntimeClasspath,composeHotReloadDevTestRuntimeClasspath,devRuntimeClasspath,runtimeClasspath,testRuntimeClasspath
io.ktor:ktor-sse-jvm:3.5.2=composeHotReloadDevDevRuntimeClasspath,composeHotReloadDevRuntimeClasspath,composeHotReloadDevTestRuntimeClasspath,devRuntimeClasspath,runtimeClasspath,testRuntimeClasspath
io.ktor:ktor-sse:3.5.2=composeHotReloadDevDevRuntimeClasspath,composeHotReloadDevRuntimeClasspath,composeHotReloadDevTestRuntimeClasspath,devRuntimeClasspath,runtimeClasspath,testRuntimeClasspath
io.ktor:ktor-utils-jvm:3.5.2=composeHotReloadDevDevRuntimeClasspath,composeHotReloadDevRuntimeClasspath,composeHotReloadDevTestRuntimeClasspath,devRuntimeClasspath,runtimeClasspath,testRuntimeClasspath
io.ktor:ktor-utils:3.5.2=composeHotReloadDevDevRuntimeClasspath,composeHotReloadDevRuntimeClasspath,composeHotReloadDevTestRuntimeClasspath,devRuntimeClasspath,runtimeClasspath,testRuntimeClasspath
io.ktor:ktor-websocket-serialization-jvm:3.5.2=composeHotReloadDevDevRuntimeClasspath,composeHotReloadDevRuntimeClasspath,composeHotReloadDevTestRuntimeClasspath,devRuntimeClasspath,runtimeClasspath,testRuntimeClasspath
io.ktor:ktor-websocket-serialization:3.5.2=composeHotReloadDevDevRuntimeClasspath,composeHotReloadDevRuntimeClasspath,composeHotReloadDevTestRuntimeClasspath,devRuntimeClasspath,runtimeClasspath,testRuntimeClasspath
io.ktor:ktor-websockets-jvm:3.5.2=composeHotReloadDevDevRuntimeClasspath,composeHotReloadDevRuntimeClasspath,composeHotReloadDevTestRuntimeClasspath,devRuntimeClasspath,runtimeClasspath,testRuntimeClasspath
io.ktor:ktor-websockets:3.5.2=composeHotReloadDevDevRuntimeClasspath,composeHotReloadDevRuntimeClasspath,composeHotReloadDevTestRuntimeClasspath,devRuntimeClasspath,runtimeClasspath,testRuntimeClasspath
net.java.dev.jna:jna:5.19.1=composeHotReloadDevDevRuntimeClasspath,composeHotReloadDevRuntimeClasspath,composeHotReloadDevTestRuntimeClasspath,devRuntimeClasspath,runtimeClasspath,testRuntimeClasspath
org.bouncycastle:bcprov-jdk18on:1.85.2=composeHotReloadDevDevRuntimeClasspath,composeHotReloadDevRuntimeClasspath,composeHotReloadDevTestRuntimeClasspath,devRuntimeClasspath,runtimeClasspath,testRuntimeClasspath
org.hyperledger.identus:bip32-ed25519-jvm:1.8.8=composeHotReloadDevDevRuntimeClasspath,composeHotReloadDevRuntimeClasspath,composeHotReloadDevTestRuntimeClasspath,devRuntimeClasspath,runtimeClasspath,testRuntimeClasspath
org.hyperledger.identus:bip32-ed25519:1.8.8=composeHotReloadDevDevRuntimeClasspath,composeHotReloadDevRuntimeClasspath,composeHotReloadDevTestRuntimeClasspath,devRuntimeClasspath,runtimeClasspath,testRuntimeClasspath
org.jetbrains.androidx.lifecycle:lifecycle-common:2.10.0=composeHotReloadDevDevRuntimeClasspath,composeHotReloadDevRuntimeClasspath,composeHotReloadDevTestRuntimeClasspath,devRuntimeClasspath,runtimeClasspath,testRuntimeClasspath
org.jetbrains.androidx.lifecycle:lifecycle-common:2.9.6=compileClasspath,devCompileClasspath,testCompileClasspath
org.jetbrains.androidx.lifecycle:lifecycle-runtime-compose-desktop:2.10.0=composeHotReloadDevDevRuntimeClasspath,composeHotReloadDevRuntimeClasspath,composeHotReloadDevTestRuntimeClasspath,devRuntimeClasspath,runtimeClasspath,testRuntimeClasspath
org.jetbrains.androidx.lifecycle:lifecycle-runtime-compose-desktop:2.9.6=compileClasspath,devCompileClasspath,testCompileClasspath
org.jetbrains.androidx.lifecycle:lifecycle-runtime-compose:2.10.0=composeHotReloadDevDevRuntimeClasspath,composeHotReloadDevRuntimeClasspath,composeHotReloadDevTestRuntimeClasspath,devRuntimeClasspath,runtimeClasspath,testRuntimeClasspath
org.jetbrains.androidx.lifecycle:lifecycle-runtime-compose:2.9.6=compileClasspath,devCompileClasspath,testCompileClasspath
org.jetbrains.androidx.lifecycle:lifecycle-runtime:2.10.0=composeHotReloadDevDevRuntimeClasspath,composeHotReloadDevRuntimeClasspath,composeHotReloadDevTestRuntimeClasspath,devRuntimeClasspath,runtimeClasspath,testRuntimeClasspath
org.jetbrains.androidx.lifecycle:lifecycle-runtime:2.9.6=compileClasspath,devCompileClasspath,testCompileClasspath
org.jetbrains.androidx.lifecycle:lifecycle-viewmodel-compose-desktop:2.10.0=composeHotReloadDevDevRuntimeClasspath,composeHotReloadDevRuntimeClasspath,composeHotReloadDevTestRuntimeClasspath,devRuntimeClasspath,runtimeClasspath,testRuntimeClasspath
org.jetbrains.androidx.lifecycle:lifecycle-viewmodel-compose:2.10.0=composeHotReloadDevDevRuntimeClasspath,composeHotReloadDevRuntimeClasspath,composeHotReloadDevTestRuntimeClasspath,devRuntimeClasspath,runtimeClasspath,testRuntimeClasspath
org.jetbrains.androidx.lifecycle:lifecycle-viewmodel-savedstate:2.10.0=composeHotReloadDevDevRuntimeClasspath,composeHotReloadDevRuntimeClasspath,composeHotReloadDevTestRuntimeClasspath,devRuntimeClasspath,runtimeClasspath,testRuntimeClasspath
org.jetbrains.androidx.lifecycle:lifecycle-viewmodel:2.10.0=composeHotReloadDevDevRuntimeClasspath,composeHotReloadDevRuntimeClasspath,composeHotReloadDevTestRuntimeClasspath,devRuntimeClasspath,runtimeClasspath,testRuntimeClasspath
org.jetbrains.androidx.savedstate:savedstate-compose-desktop:1.3.6=compileClasspath,composeHotReloadDevDevRuntimeClasspath,composeHotReloadDevRuntimeClasspath,composeHotReloadDevTestRuntimeClasspath,devCompileClasspath,devRuntimeClasspath,runtimeClasspath,testCompileClasspath,testRuntimeClasspath
org.jetbrains.androidx.savedstate:savedstate-compose:1.3.6=compileClasspath,composeHotReloadDevDevRuntimeClasspath,composeHotReloadDevRuntimeClasspath,composeHotReloadDevTestRuntimeClasspath,devCompileClasspath,devRuntimeClasspath,runtimeClasspath,testCompileClasspath,testRuntimeClasspath
org.jetbrains.androidx.savedstate:savedstate:1.3.6=compileClasspath,composeHotReloadDevDevRuntimeClasspath,composeHotReloadDevRuntimeClasspath,composeHotReloadDevTestRuntimeClasspath,devCompileClasspath,devRuntimeClasspath,runtimeClasspath,testCompileClasspath,testRuntimeClasspath
org.jetbrains.compose.animation:animation-core-desktop:1.11.1=compileClasspath,composeHotReloadDevDevRuntimeClasspath,composeHotReloadDevRuntimeClasspath,composeHotReloadDevTestRuntimeClasspath,devCompileClasspath,devRuntimeClasspath,runtimeClasspath,testCompileClasspath,testRuntimeClasspath
org.jetbrains.compose.animation:animation-core:1.11.1=compileClasspath,composeHotReloadDevDevRuntimeClasspath,composeHotReloadDevRuntimeClasspath,composeHotReloadDevTestRuntimeClasspath,devCompileClasspath,devRuntimeClasspath,runtimeClasspath,testCompileClasspath,testRuntimeClasspath
org.jetbrains.compose.animation:animation-desktop:1.11.1=compileClasspath,composeHotReloadDevDevRuntimeClasspath,composeHotReloadDevRuntimeClasspath,composeHotReloadDevTestRuntimeClasspath,devCompileClasspath,devRuntimeClasspath,runtimeClasspath,testCompileClasspath,testRuntimeClasspath
org.jetbrains.compose.animation:animation:1.11.1=compileClasspath,composeHotReloadDevDevRuntimeClasspath,composeHotReloadDevRuntimeClasspath,composeHotReloadDevTestRuntimeClasspath,devCompileClasspath,devRuntimeClasspath,runtimeClasspath,testCompileClasspath,testRuntimeClasspath
org.jetbrains.compose.components:components-resources-desktop:1.11.1=composeHotReloadDevDevRuntimeClasspath,composeHotReloadDevRuntimeClasspath,composeHotReloadDevTestRuntimeClasspath,devRuntimeClasspath,runtimeClasspath,testRuntimeClasspath
org.jetbrains.compose.components:components-resources:1.11.1=composeHotReloadDevDevRuntimeClasspath,composeHotReloadDevRuntimeClasspath,composeHotReloadDevTestRuntimeClasspath,devRuntimeClasspath,runtimeClasspath,testRuntimeClasspath
org.jetbrains.compose.desktop:desktop-jvm-macos-arm64:1.11.1=compileClasspath,composeHotReloadDevDevRuntimeClasspath,composeHotReloadDevRuntimeClasspath,composeHotReloadDevTestRuntimeClasspath,devCompileClasspath,devRuntimeClasspath,runtimeClasspath,testCompileClasspath,testRuntimeClasspath
org.jetbrains.compose.desktop:desktop-jvm:1.11.1=compileClasspath,composeHotReloadDevDevRuntimeClasspath,composeHotReloadDevRuntimeClasspath,composeHotReloadDevTestRuntimeClasspath,devCompileClasspath,devRuntimeClasspath,runtimeClasspath,testCompileClasspath,testRuntimeClasspath
org.jetbrains.compose.desktop:desktop:1.11.1=compileClasspath,composeHotReloadDevDevRuntimeClasspath,composeHotReloadDevRuntimeClasspath,composeHotReloadDevTestRuntimeClasspath,devCompileClasspath,devRuntimeClasspath,runtimeClasspath,testCompileClasspath,testRuntimeClasspath
org.jetbrains.compose.foundation:foundation-desktop:1.11.1=compileClasspath,composeHotReloadDevDevRuntimeClasspath,composeHotReloadDevRuntimeClasspath,composeHotReloadDevTestRuntimeClasspath,devCompileClasspath,devRuntimeClasspath,runtimeClasspath,testCompileClasspath,testRuntimeClasspath
org.jetbrains.compose.foundation:foundation-layout-desktop:1.11.1=compileClasspath,composeHotReloadDevDevRuntimeClasspath,composeHotReloadDevRuntimeClasspath,composeHotReloadDevTestRuntimeClasspath,devCompileClasspath,devRuntimeClasspath,runtimeClasspath,testCompileClasspath,testRuntimeClasspath
org.jetbrains.compose.foundation:foundation-layout:1.11.1=compileClasspath,composeHotReloadDevDevRuntimeClasspath,composeHotReloadDevRuntimeClasspath,composeHotReloadDevTestRuntimeClasspath,devCompileClasspath,devRuntimeClasspath,runtimeClasspath,testCompileClasspath,testRuntimeClasspath
org.jetbrains.compose.foundation:foundation:1.11.1=compileClasspath,composeHotReloadDevDevRuntimeClasspath,composeHotReloadDevRuntimeClasspath,composeHotReloadDevTestRuntimeClasspath,devCompileClasspath,devRuntimeClasspath,runtimeClasspath,testCompileClasspath,testRuntimeClasspath
org.jetbrains.compose.hot-reload:hot-reload-annotations-jvm:1.1.1=composeHotReloadDevDevRuntimeClasspath,composeHotReloadDevRuntimeClasspath,composeHotReloadDevTestRuntimeClasspath,composeHotReloadRuntime,devCompileClasspath,devRuntimeClasspath
org.jetbrains.compose.hot-reload:hot-reload-annotations:1.1.1=composeHotReloadDevDevRuntimeClasspath,composeHotReloadDevRuntimeClasspath,composeHotReloadDevTestRuntimeClasspath,composeHotReloadRuntime,devCompileClasspath,devRuntimeClasspath
org.jetbrains.compose.hot-reload:hot-reload-core:1.1.1=composeHotReloadDevDevRuntimeClasspath,composeHotReloadDevRuntimeClasspath,composeHotReloadDevTestRuntimeClasspath,composeHotReloadRuntime
org.jetbrains.compose.hot-reload:hot-reload-devtools-api:1.1.1=composeHotReloadDevDevRuntimeClasspath,composeHotReloadDevRuntimeClasspath,composeHotReloadDevTestRuntimeClasspath,composeHotReloadRuntime
org.jetbrains.compose.hot-reload:hot-reload-orchestration:1.1.1=composeHotReloadDevDevRuntimeClasspath,composeHotReloadDevRuntimeClasspath,composeHotReloadDevTestRuntimeClasspath,composeHotReloadRuntime
org.jetbrains.compose.hot-reload:hot-reload-runtime-api-jvm:1.1.1=composeHotReloadDevDevRuntimeClasspath,devCompileClasspath,devRuntimeClasspath
org.jetbrains.compose.hot-reload:hot-reload-runtime-api:1.1.1=composeHotReloadDevDevRuntimeClasspath,devCompileClasspath,devRuntimeClasspath
org.jetbrains.compose.hot-reload:hot-reload-runtime-jvm:1.1.1=composeHotReloadDevDevRuntimeClasspath,composeHotReloadDevRuntimeClasspath,composeHotReloadDevTestRuntimeClasspath,composeHotReloadRuntime
org.jetbrains.compose.material3:material3-desktop:1.11.0-alpha07=composeHotReloadDevDevRuntimeClasspath,composeHotReloadDevRuntimeClasspath,composeHotReloadDevTestRuntimeClasspath,devRuntimeClasspath,runtimeClasspath,testRuntimeClasspath
org.jetbrains.compose.material3:material3:1.11.0-alpha07=composeHotReloadDevDevRuntimeClasspath,composeHotReloadDevRuntimeClasspath,composeHotReloadDevTestRuntimeClasspath,devRuntimeClasspath,runtimeClasspath,testRuntimeClasspath
org.jetbrains.compose.material:material-desktop:1.11.1=compileClasspath,composeHotReloadDevDevRuntimeClasspath,composeHotReloadDevRuntimeClasspath,composeHotReloadDevTestRuntimeClasspath,devCompileClasspath,devRuntimeClasspath,runtimeClasspath,testCompileClasspath,testRuntimeClasspath
org.jetbrains.compose.material:material-ripple-desktop:1.11.1=compileClasspath,composeHotReloadDevDevRuntimeClasspath,composeHotReloadDevRuntimeClasspath,composeHotReloadDevTestRuntimeClasspath,devCompileClasspath,devRuntimeClasspath,runtimeClasspath,testCompileClasspath,testRuntimeClasspath
org.jetbrains.compose.material:material-ripple:1.11.1=compileClasspath,composeHotReloadDevDevRuntimeClasspath,composeHotReloadDevRuntimeClasspath,composeHotReloadDevTestRuntimeClasspath,devCompileClasspath,devRuntimeClasspath,runtimeClasspath,testCompileClasspath,testRuntimeClasspath
org.jetbrains.compose.material:material:1.11.1=compileClasspath,composeHotReloadDevDevRuntimeClasspath,composeHotReloadDevRuntimeClasspath,composeHotReloadDevTestRuntimeClasspath,devCompileClasspath,devRuntimeClasspath,runtimeClasspath,testCompileClasspath,testRuntimeClasspath
org.jetbrains.compose.runtime:runtime-desktop:1.11.1=compileClasspath,composeHotReloadDevDevRuntimeClasspath,composeHotReloadDevRuntimeClasspath,composeHotReloadDevTestRuntimeClasspath,devCompileClasspath,devRuntimeClasspath,runtimeClasspath,testCompileClasspath,testRuntimeClasspath
org.jetbrains.compose.runtime:runtime-saveable-desktop:1.11.1=compileClasspath,composeHotReloadDevDevRuntimeClasspath,composeHotReloadDevRuntimeClasspath,composeHotReloadDevTestRuntimeClasspath,devCompileClasspath,devRuntimeClasspath,runtimeClasspath,testCompileClasspath,testRuntimeClasspath
org.jetbrains.compose.runtime:runtime-saveable:1.11.1=compileClasspath,composeHotReloadDevDevRuntimeClasspath,composeHotReloadDevRuntimeClasspath,composeHotReloadDevTestRuntimeClasspath,devCompileClasspath,devRuntimeClasspath,runtimeClasspath,testCompileClasspath,testRuntimeClasspath
org.jetbrains.compose.runtime:runtime:1.11.1=compileClasspath,composeHotReloadDevDevRuntimeClasspath,composeHotReloadDevRuntimeClasspath,composeHotReloadDevTestRuntimeClasspath,devCompileClasspath,devRuntimeClasspath,runtimeClasspath,testCompileClasspath,testRuntimeClasspath
org.jetbrains.compose.ui:ui-backhandler-desktop:1.11.1=composeHotReloadDevDevRuntimeClasspath,composeHotReloadDevRuntimeClasspath,composeHotReloadDevTestRuntimeClasspath,devRuntimeClasspath,runtimeClasspath,testRuntimeClasspath
org.jetbrains.compose.ui:ui-backhandler:1.11.1=composeHotReloadDevDevRuntimeClasspath,composeHotReloadDevRuntimeClasspath,composeHotReloadDevTestRuntimeClasspath,devRuntimeClasspath,runtimeClasspath,testRuntimeClasspath
org.jetbrains.compose.ui:ui-desktop:1.11.1=compileClasspath,composeHotReloadDevDevRuntimeClasspath,composeHotReloadDevRuntimeClasspath,composeHotReloadDevTestRuntimeClasspath,devCompileClasspath,devRuntimeClasspath,runtimeClasspath,testCompileClasspath,testRuntimeClasspath
org.jetbrains.compose.ui:ui-geometry-desktop:1.11.1=compileClasspath,composeHotReloadDevDevRuntimeClasspath,composeHotReloadDevRuntimeClasspath,composeHotReloadDevTestRuntimeClasspath,devCompileClasspath,devRuntimeClasspath,runtimeClasspath,testCompileClasspath,testRuntimeClasspath
org.jetbrains.compose.ui:ui-geometry:1.11.1=compileClasspath,composeHotReloadDevDevRuntimeClasspath,composeHotReloadDevRuntimeClasspath,composeHotReloadDevTestRuntimeClasspath,devCompileClasspath,devRuntimeClasspath,runtimeClasspath,testCompileClasspath,testRuntimeClasspath
org.jetbrains.compose.ui:ui-graphics-desktop:1.11.1=compileClasspath,composeHotReloadDevDevRuntimeClasspath,composeHotReloadDevRuntimeClasspath,composeHotReloadDevTestRuntimeClasspath,devCompileClasspath,devRuntimeClasspath,runtimeClasspath,testCompileClasspath,testRuntimeClasspath
org.jetbrains.compose.ui:ui-graphics:1.11.1=compileClasspath,composeHotReloadDevDevRuntimeClasspath,composeHotReloadDevRuntimeClasspath,composeHotReloadDevTestRuntimeClasspath,devCompileClasspath,devRuntimeClasspath,runtimeClasspath,testCompileClasspath,testRuntimeClasspath
org.jetbrains.compose.ui:ui-text-desktop:1.11.1=compileClasspath,composeHotReloadDevDevRuntimeClasspath,composeHotReloadDevRuntimeClasspath,composeHotReloadDevTestRuntimeClasspath,devCompileClasspath,devRuntimeClasspath,runtimeClasspath,testCompileClasspath,testRuntimeClasspath
org.jetbrains.compose.ui:ui-text:1.11.1=compileClasspath,composeHotReloadDevDevRuntimeClasspath,composeHotReloadDevRuntimeClasspath,composeHotReloadDevTestRuntimeClasspath,devCompileClasspath,devRuntimeClasspath,runtimeClasspath,testCompileClasspath,testRuntimeClasspath
org.jetbrains.compose.ui:ui-tooling-preview-desktop:1.11.1=compileClasspath,composeHotReloadDevDevRuntimeClasspath,composeHotReloadDevRuntimeClasspath,composeHotReloadDevTestRuntimeClasspath,devCompileClasspath,devRuntimeClasspath,runtimeClasspath,testCompileClasspath,testRuntimeClasspath
org.jetbrains.compose.ui:ui-tooling-preview:1.11.1=compileClasspath,composeHotReloadDevDevRuntimeClasspath,composeHotReloadDevRuntimeClasspath,composeHotReloadDevTestRuntimeClasspath,devCompileClasspath,devRuntimeClasspath,runtimeClasspath,testCompileClasspath,testRuntimeClasspath
org.jetbrains.compose.ui:ui-unit-desktop:1.11.1=compileClasspath,composeHotReloadDevDevRuntimeClasspath,composeHotReloadDevRuntimeClasspath,composeHotReloadDevTestRuntimeClasspath,devCompileClasspath,devRuntimeClasspath,runtimeClasspath,testCompileClasspath,testRuntimeClasspath
org.jetbrains.compose.ui:ui-unit:1.11.1=compileClasspath,composeHotReloadDevDevRuntimeClasspath,composeHotReloadDevRuntimeClasspath,composeHotReloadDevTestRuntimeClasspath,devCompileClasspath,devRuntimeClasspath,runtimeClasspath,testCompileClasspath,testRuntimeClasspath
org.jetbrains.compose.ui:ui-util-desktop:1.11.1=compileClasspath,composeHotReloadDevDevRuntimeClasspath,composeHotReloadDevRuntimeClasspath,composeHotReloadDevTestRuntimeClasspath,devCompileClasspath,devRuntimeClasspath,runtimeClasspath,testCompileClasspath,testRuntimeClasspath
org.jetbrains.compose.ui:ui-util:1.11.1=compileClasspath,composeHotReloadDevDevRuntimeClasspath,composeHotReloadDevRuntimeClasspath,composeHotReloadDevTestRuntimeClasspath,devCompileClasspath,devRuntimeClasspath,runtimeClasspath,testCompileClasspath,testRuntimeClasspath
org.jetbrains.compose.ui:ui:1.11.1=compileClasspath,composeHotReloadDevDevRuntimeClasspath,composeHotReloadDevRuntimeClasspath,composeHotReloadDevTestRuntimeClasspath,devCompileClasspath,devRuntimeClasspath,runtimeClasspath,testCompileClasspath,testRuntimeClasspath
org.jetbrains.kotlin:kotlin-build-tools-api:2.4.0=kotlinAbiValidationCompatClasspath
org.jetbrains.kotlin:kotlin-build-tools-api:2.4.10=kotlinBuildToolsApiClasspath,kotlinCompilerClasspath,kotlinKlibCommonizerClasspath
org.jetbrains.kotlin:kotlin-build-tools-compat:2.4.10=kotlinAbiValidationCompatClasspath,kotlinBuildToolsApiClasspath,kotlinCompilerClasspath
org.jetbrains.kotlin:kotlin-build-tools-cri-impl:2.4.0=kotlinAbiValidationCompatClasspath
org.jetbrains.kotlin:kotlin-build-tools-cri-impl:2.4.10=kotlinBuildToolsApiClasspath,kotlinCompilerClasspath
org.jetbrains.kotlin:kotlin-build-tools-impl:2.4.0=kotlinAbiValidationCompatClasspath
org.jetbrains.kotlin:kotlin-build-tools-impl:2.4.10=kotlinBuildToolsApiClasspath,kotlinCompilerClasspath
org.jetbrains.kotlin:kotlin-compiler-embeddable:2.4.0=kotlinAbiValidationCompatClasspath
org.jetbrains.kotlin:kotlin-compiler-embeddable:2.4.10=kotlinBuildToolsApiClasspath,kotlinCompilerClasspath,kotlinKlibCommonizerClasspath
org.jetbrains.kotlin:kotlin-compiler-runner:2.4.0=kotlinAbiValidationCompatClasspath
org.jetbrains.kotlin:kotlin-compiler-runner:2.4.10=kotlinBuildToolsApiClasspath,kotlinCompilerClasspath
org.jetbrains.kotlin:kotlin-compose-compiler-plugin-embeddable:2.4.10=kotlinCompilerPluginClasspathDev,kotlinCompilerPluginClasspathMain,kotlinCompilerPluginClasspathTest
org.jetbrains.kotlin:kotlin-daemon-client:2.4.0=kotlinAbiValidationCompatClasspath
org.jetbrains.kotlin:kotlin-daemon-client:2.4.10=kotlinBuildToolsApiClasspath,kotlinCompilerClasspath
org.jetbrains.kotlin:kotlin-daemon-embeddable:2.4.0=kotlinAbiValidationCompatClasspath
org.jetbrains.kotlin:kotlin-daemon-embeddable:2.4.10=kotlinBuildToolsApiClasspath,kotlinCompilerClasspath,kotlinKlibCommonizerClasspath
org.jetbrains.kotlin:kotlin-klib-commonizer-embeddable:2.4.10=kotlinKlibCommonizerClasspath
org.jetbrains.kotlin:kotlin-reflect:1.6.10=kotlinAbiValidationCompatClasspath,kotlinBuildToolsApiClasspath,kotlinCompilerClasspath,kotlinKlibCommonizerClasspath
org.jetbrains.kotlin:kotlin-script-runtime:2.4.0=kotlinAbiValidationCompatClasspath
org.jetbrains.kotlin:kotlin-script-runtime:2.4.10=kotlinBuildToolsApiClasspath,kotlinCompilerClasspath,kotlinCompilerPluginClasspathDev,kotlinCompilerPluginClasspathMain,kotlinCompilerPluginClasspathTest,kotlinKlibCommonizerClasspath
org.jetbrains.kotlin:kotlin-scripting-common:2.4.10=kotlinCompilerPluginClasspathDev,kotlinCompilerPluginClasspathMain,kotlinCompilerPluginClasspathTest
org.jetbrains.kotlin:kotlin-scripting-compiler-embeddable:2.4.10=kotlinCompilerPluginClasspathDev,kotlinCompilerPluginClasspathMain,kotlinCompilerPluginClasspathTest
org.jetbrains.kotlin:kotlin-scripting-compiler-impl-embeddable:2.4.10=kotlinCompilerPluginClasspathDev,kotlinCompilerPluginClasspathMain,kotlinCompilerPluginClasspathTest
org.jetbrains.kotlin:kotlin-scripting-jvm:2.4.10=kotlinCompilerPluginClasspathDev,kotlinCompilerPluginClasspathMain,kotlinCompilerPluginClasspathTest
org.jetbrains.kotlin:kotlin-stdlib-common:2.4.10=composeHotReloadDevDevRuntimeClasspath,composeHotReloadDevRuntimeClasspath,composeHotReloadDevTestRuntimeClasspath,devRuntimeClasspath,runtimeClasspath,testRuntimeClasspath
org.jetbrains.kotlin:kotlin-stdlib-jdk7:1.9.23=composeHotReloadDevDevRuntimeClasspath,composeHotReloadDevRuntimeClasspath,composeHotReloadDevTestRuntimeClasspath,devRuntimeClasspath,runtimeClasspath,testRuntimeClasspath
org.jetbrains.kotlin:kotlin-stdlib-jdk8:1.9.23=composeHotReloadDevDevRuntimeClasspath,composeHotReloadDevRuntimeClasspath,composeHotReloadDevTestRuntimeClasspath,devRuntimeClasspath,runtimeClasspath,testRuntimeClasspath
org.jetbrains.kotlin:kotlin-stdlib:2.1.21=composeHotReloadRuntime
org.jetbrains.kotlin:kotlin-stdlib:2.4.0=kotlinAbiValidationCompatClasspath
org.jetbrains.kotlin:kotlin-stdlib:2.4.10=compileClasspath,composeHotReloadDevDevRuntimeClasspath,composeHotReloadDevRuntimeClasspath,composeHotReloadDevTestRuntimeClasspath,devCompileClasspath,devRuntimeClasspath,kotlinBuildToolsApiClasspath,kotlinCompilerClasspath,kotlinCompilerPluginClasspathDev,kotlinCompilerPluginClasspathMain,kotlinCompilerPluginClasspathTest,kotlinKlibCommonizerClasspath,runtimeClasspath,testCompileClasspath,testRuntimeClasspath
org.jetbrains.kotlin:kotlin-tooling-core:2.4.10=kotlinAbiValidationCompatClasspath,kotlinBuildToolsApiClasspath,kotlinCompilerClasspath
org.jetbrains.kotlinx:atomicfu-jvm:0.28.0=composeHotReloadDevDevRuntimeClasspath,composeHotReloadDevRuntimeClasspath,composeHotReloadDevTestRuntimeClasspath,devRuntimeClasspath,runtimeClasspath,testRuntimeClasspath
org.jetbrains.kotlinx:atomicfu:0.28.0=composeHotReloadDevDevRuntimeClasspath,composeHotReloadDevRuntimeClasspath,composeHotReloadDevTestRuntimeClasspath,devRuntimeClasspath,runtimeClasspath,testRuntimeClasspath
org.jetbrains.kotlinx:kotlinx-coroutines-bom:1.11.0=compileClasspath,composeHotReloadDevDevRuntimeClasspath,composeHotReloadDevRuntimeClasspath,composeHotReloadDevTestRuntimeClasspath,devCompileClasspath,devRuntimeClasspath,runtimeClasspath,testCompileClasspath,testRuntimeClasspath
org.jetbrains.kotlinx:kotlinx-coroutines-core-jvm:1.11.0=compileClasspath,composeHotReloadDevDevRuntimeClasspath,composeHotReloadDevRuntimeClasspath,composeHotReloadDevTestRuntimeClasspath,devCompileClasspath,devRuntimeClasspath,runtimeClasspath,testCompileClasspath,testRuntimeClasspath
org.jetbrains.kotlinx:kotlinx-coroutines-core-jvm:1.8.0=kotlinAbiValidationCompatClasspath,kotlinBuildToolsApiClasspath,kotlinCompilerClasspath,kotlinKlibCommonizerClasspath
org.jetbrains.kotlinx:kotlinx-coroutines-core:1.11.0=compileClasspath,composeHotReloadDevDevRuntimeClasspath,composeHotReloadDevRuntimeClasspath,composeHotReloadDevTestRuntimeClasspath,devCompileClasspath,devRuntimeClasspath,runtimeClasspath,testCompileClasspath,testRuntimeClasspath
org.jetbrains.kotlinx:kotlinx-coroutines-slf4j:1.11.0=composeHotReloadDevDevRuntimeClasspath,composeHotReloadDevRuntimeClasspath,composeHotReloadDevTestRuntimeClasspath,devRuntimeClasspath,runtimeClasspath,testRuntimeClasspath
org.jetbrains.kotlinx:kotlinx-coroutines-swing:1.11.0=compileClasspath,composeHotReloadDevDevRuntimeClasspath,composeHotReloadDevRuntimeClasspath,composeHotReloadDevTestRuntimeClasspath,devCompileClasspath,devRuntimeClasspath,runtimeClasspath,testCompileClasspath,testRuntimeClasspath
org.jetbrains.kotlinx:kotlinx-datetime-jvm:0.7.1=composeHotReloadDevDevRuntimeClasspath,composeHotReloadDevRuntimeClasspath,composeHotReloadDevTestRuntimeClasspath,devRuntimeClasspath,runtimeClasspath,testRuntimeClasspath
org.jetbrains.kotlinx:kotlinx-datetime:0.7.1=composeHotReloadDevDevRuntimeClasspath,composeHotReloadDevRuntimeClasspath,composeHotReloadDevTestRuntimeClasspath,devRuntimeClasspath,runtimeClasspath,testRuntimeClasspath
org.jetbrains.kotlinx:kotlinx-io-bytestring-jvm:0.9.1=composeHotReloadDevDevRuntimeClasspath,composeHotReloadDevRuntimeClasspath,composeHotReloadDevTestRuntimeClasspath,devRuntimeClasspath,runtimeClasspath,testRuntimeClasspath
org.jetbrains.kotlinx:kotlinx-io-bytestring:0.9.1=composeHotReloadDevDevRuntimeClasspath,composeHotReloadDevRuntimeClasspath,composeHotReloadDevTestRuntimeClasspath,devRuntimeClasspath,runtimeClasspath,testRuntimeClasspath
org.jetbrains.kotlinx:kotlinx-io-core-jvm:0.9.1=composeHotReloadDevDevRuntimeClasspath,composeHotReloadDevRuntimeClasspath,composeHotReloadDevTestRuntimeClasspath,devRuntimeClasspath,runtimeClasspath,testRuntimeClasspath
org.jetbrains.kotlinx:kotlinx-io-core:0.9.1=composeHotReloadDevDevRuntimeClasspath,composeHotReloadDevRuntimeClasspath,composeHotReloadDevTestRuntimeClasspath,devRuntimeClasspath,runtimeClasspath,testRuntimeClasspath
org.jetbrains.kotlinx:kotlinx-serialization-bom:1.11.0=composeHotReloadDevDevRuntimeClasspath,composeHotReloadDevRuntimeClasspath,composeHotReloadDevTestRuntimeClasspath,devRuntimeClasspath,runtimeClasspath,testRuntimeClasspath
org.jetbrains.kotlinx:kotlinx-serialization-bom:1.7.3=compileClasspath,devCompileClasspath,testCompileClasspath
org.jetbrains.kotlinx:kotlinx-serialization-core-jvm:1.11.0=composeHotReloadDevDevRuntimeClasspath,composeHotReloadDevRuntimeClasspath,composeHotReloadDevTestRuntimeClasspath,devRuntimeClasspath,runtimeClasspath,testRuntimeClasspath
org.jetbrains.kotlinx:kotlinx-serialization-core-jvm:1.7.3=compileClasspath,devCompileClasspath,testCompileClasspath
org.jetbrains.kotlinx:kotlinx-serialization-core:1.11.0=composeHotReloadDevDevRuntimeClasspath,composeHotReloadDevRuntimeClasspath,composeHotReloadDevTestRuntimeClasspath,devRuntimeClasspath,runtimeClasspath,testRuntimeClasspath
org.jetbrains.kotlinx:kotlinx-serialization-core:1.7.3=compileClasspath,devCompileClasspath,testCompileClasspath
org.jetbrains.kotlinx:kotlinx-serialization-json-io-jvm:1.11.0=composeHotReloadDevDevRuntimeClasspath,composeHotReloadDevRuntimeClasspath,composeHotReloadDevTestRuntimeClasspath,devRuntimeClasspath,runtimeClasspath,testRuntimeClasspath
org.jetbrains.kotlinx:kotlinx-serialization-json-io:1.11.0=composeHotReloadDevDevRuntimeClasspath,composeHotReloadDevRuntimeClasspath,composeHotReloadDevTestRuntimeClasspath,devRuntimeClasspath,runtimeClasspath,testRuntimeClasspath
org.jetbrains.kotlinx:kotlinx-serialization-json-jvm:1.11.0=composeHotReloadDevDevRuntimeClasspath,composeHotReloadDevRuntimeClasspath,composeHotReloadDevTestRuntimeClasspath,devRuntimeClasspath,runtimeClasspath,testRuntimeClasspath
org.jetbrains.kotlinx:kotlinx-serialization-json:1.11.0=composeHotReloadDevDevRuntimeClasspath,composeHotReloadDevRuntimeClasspath,composeHotReloadDevTestRuntimeClasspath,devRuntimeClasspath,runtimeClasspath,testRuntimeClasspath
org.jetbrains.runtime:jbr-api:1.9.0=composeHotReloadDevDevRuntimeClasspath,composeHotReloadDevRuntimeClasspath,composeHotReloadDevTestRuntimeClasspath,devRuntimeClasspath,runtimeClasspath,testRuntimeClasspath
org.jetbrains.skiko:skiko-awt-runtime-macos-arm64:0.144.6=composeHotReloadDevDevRuntimeClasspath,composeHotReloadDevRuntimeClasspath,composeHotReloadDevTestRuntimeClasspath,devRuntimeClasspath,runtimeClasspath,testRuntimeClasspath
org.jetbrains.skiko:skiko-awt:0.144.6=compileClasspath,composeHotReloadDevDevRuntimeClasspath,composeHotReloadDevRuntimeClasspath,composeHotReloadDevTestRuntimeClasspath,devCompileClasspath,devRuntimeClasspath,runtimeClasspath,testCompileClasspath,testRuntimeClasspath
org.jetbrains.skiko:skiko:0.144.6=compileClasspath,composeHotReloadDevDevRuntimeClasspath,composeHotReloadDevRuntimeClasspath,composeHotReloadDevTestRuntimeClasspath,devCompileClasspath,devRuntimeClasspath,runtimeClasspath,testCompileClasspath,testRuntimeClasspath
org.jetbrains:annotations:13.0=composeHotReloadRuntime,kotlinAbiValidationCompatClasspath,kotlinBuildToolsApiClasspath,kotlinCompilerClasspath,kotlinCompilerPluginClasspathDev,kotlinCompilerPluginClasspathMain,kotlinCompilerPluginClasspathTest,kotlinKlibCommonizerClasspath
org.jetbrains:annotations:23.0.0=compileClasspath,composeHotReloadDevDevRuntimeClasspath,composeHotReloadDevRuntimeClasspath,composeHotReloadDevTestRuntimeClasspath,devCompileClasspath,devRuntimeClasspath,runtimeClasspath,testCompileClasspath,testRuntimeClasspath
org.jspecify:jspecify:1.0.0=compileClasspath,composeHotReloadDevDevRuntimeClasspath,composeHotReloadDevRuntimeClasspath,composeHotReloadDevTestRuntimeClasspath,devCompileClasspath,devRuntimeClasspath,runtimeClasspath,testCompileClasspath,testRuntimeClasspath
org.kotlincrypto.bitops:bits-jvm:0.3.0=composeHotReloadDevDevRuntimeClasspath,composeHotReloadDevRuntimeClasspath,composeHotReloadDevTestRuntimeClasspath,devRuntimeClasspath,runtimeClasspath,testRuntimeClasspath
org.kotlincrypto.bitops:bits:0.3.0=composeHotReloadDevDevRuntimeClasspath,composeHotReloadDevRuntimeClasspath,composeHotReloadDevTestRuntimeClasspath,devRuntimeClasspath,runtimeClasspath,testRuntimeClasspath
org.kotlincrypto.bitops:endian-jvm:0.3.0=composeHotReloadDevDevRuntimeClasspath,composeHotReloadDevRuntimeClasspath,composeHotReloadDevTestRuntimeClasspath,devRuntimeClasspath,runtimeClasspath,testRuntimeClasspath
org.kotlincrypto.bitops:endian:0.3.0=composeHotReloadDevDevRuntimeClasspath,composeHotReloadDevRuntimeClasspath,composeHotReloadDevTestRuntimeClasspath,devRuntimeClasspath,runtimeClasspath,testRuntimeClasspath
org.kotlincrypto.core:core-jvm:0.8.0=composeHotReloadDevDevRuntimeClasspath,composeHotReloadDevRuntimeClasspath,composeHotReloadDevTestRuntimeClasspath,devRuntimeClasspath,runtimeClasspath,testRuntimeClasspath
org.kotlincrypto.core:core:0.8.0=composeHotReloadDevDevRuntimeClasspath,composeHotReloadDevRuntimeClasspath,composeHotReloadDevTestRuntimeClasspath,devRuntimeClasspath,runtimeClasspath,testRuntimeClasspath
org.kotlincrypto.core:digest-jvm:0.8.0=composeHotReloadDevDevRuntimeClasspath,composeHotReloadDevRuntimeClasspath,composeHotReloadDevTestRuntimeClasspath,devRuntimeClasspath,runtimeClasspath,testRuntimeClasspath
org.kotlincrypto.core:digest:0.8.0=composeHotReloadDevDevRuntimeClasspath,composeHotReloadDevRuntimeClasspath,composeHotReloadDevTestRuntimeClasspath,devRuntimeClasspath,runtimeClasspath,testRuntimeClasspath
org.kotlincrypto.hash:blake2-jvm:0.8.0=composeHotReloadDevDevRuntimeClasspath,composeHotReloadDevRuntimeClasspath,composeHotReloadDevTestRuntimeClasspath,devRuntimeClasspath,runtimeClasspath,testRuntimeClasspath
org.kotlincrypto.hash:blake2:0.8.0=composeHotReloadDevDevRuntimeClasspath,composeHotReloadDevRuntimeClasspath,composeHotReloadDevTestRuntimeClasspath,devRuntimeClasspath,runtimeClasspath,testRuntimeClasspath
org.kotlincrypto.hash:sha2-jvm:0.8.0=composeHotReloadDevDevRuntimeClasspath,composeHotReloadDevRuntimeClasspath,composeHotReloadDevTestRuntimeClasspath,devRuntimeClasspath,runtimeClasspath,testRuntimeClasspath
org.kotlincrypto.hash:sha2:0.8.0=composeHotReloadDevDevRuntimeClasspath,composeHotReloadDevRuntimeClasspath,composeHotReloadDevTestRuntimeClasspath,devRuntimeClasspath,runtimeClasspath,testRuntimeClasspath
org.kotlincrypto:error-jvm:0.4.0=composeHotReloadDevDevRuntimeClasspath,composeHotReloadDevRuntimeClasspath,composeHotReloadDevTestRuntimeClasspath,devRuntimeClasspath,runtimeClasspath,testRuntimeClasspath
org.kotlincrypto:error:0.4.0=composeHotReloadDevDevRuntimeClasspath,composeHotReloadDevRuntimeClasspath,composeHotReloadDevTestRuntimeClasspath,devRuntimeClasspath,runtimeClasspath,testRuntimeClasspath
org.slf4j:slf4j-api:2.0.18=composeHotReloadDevDevRuntimeClasspath,composeHotReloadDevRuntimeClasspath,composeHotReloadDevTestRuntimeClasspath,devRuntimeClasspath,runtimeClasspath,testRuntimeClasspath
empty=annotationProcessor,devAnnotationProcessor,devImplementationDependenciesMetadata,devKotlinScriptDefExtensions,implementationDependenciesMetadata,kotlinCompilerPluginClasspath,kotlinNativeCompilerPluginClasspath,kotlinScriptDefExtensions,testAnnotationProcessor,testImplementationDependenciesMetadata,testKotlinScriptDefExtensions
