# This is a Gradle generated file for dependency locking.
# Manual edits can break the build and are not advised.
# This file is expected to be part of source control.
# To regenerate this file, run: ./gradlew :core:dependencies --write-locks
junit:junit:4.13.2=androidHostTestCompileClasspath,androidHostTestRuntimeClasspath,jvmTestCompileClasspath,jvmTestRuntimeClasspath
org.hamcrest:hamcrest-core:1.3=androidHostTestCompileClasspath,androidHostTestRuntimeClasspath,jvmTestCompileClasspath,jvmTestRuntimeClasspath
org.jetbrains.kotlin:kotlin-stdlib:2.4.10=androidCompileClasspath,androidHostTestCompileClasspath,androidHostTestRuntimeClasspath,androidRuntimeClasspath,jvmCompileClasspath,jvmMainCompileClasspath,jvmMainRuntimeClasspath,jvmRuntimeClasspath,jvmTestCompileClasspath,jvmTestRuntimeClasspath,metadataAppleMainCompileClasspath,metadataCommonMainCompileClasspath,metadataCompileClasspath,metadataIosMainCompileClasspath,metadataNativeMainCompileClasspath
org.jetbrains.kotlin:kotlin-test-junit:2.4.10=androidHostTestCompileClasspath,androidHostTestRuntimeClasspath,jvmTestCompileClasspath,jvmTestRuntimeClasspath
org.jetbrains.kotlin:kotlin-test:2.4.10=androidHostTestCompileClasspath,androidHostTestRuntimeClasspath,jvmTestCompileClasspath,jvmTestRuntimeClasspath
org.jetbrains:annotations:13.0=androidCompileClasspath,androidHostTestCompileClasspath,androidHostTestRuntimeClasspath,androidRuntimeClasspath,jvmCompileClasspath,jvmMainCompileClasspath,jvmMainRuntimeClasspath,jvmRuntimeClasspath,jvmTestCompileClasspath,jvmTestRuntimeClasspath
empty=
