# This is a Gradle generated file for dependency locking.
# Manual edits can break the build and are not advised.
# This file is expected to be part of source control.
# To regenerate this file, run: ./gradlew :provider-blockfrost:dependencies --write-locks
androidx.annotation:annotation-jvm:1.9.1=androidHostTestRuntimeClasspath,androidRuntimeClasspath
androidx.annotation:annotation:1.9.1=androidHostTestRuntimeClasspath,androidRuntimeClasspath
androidx.startup:startup-runtime:1.2.0=androidHostTestRuntimeClasspath,androidRuntimeClasspath
androidx.tracing:tracing:1.0.0=androidHostTestRuntimeClasspath,androidRuntimeClasspath
com.squareup.okhttp3:okhttp-android:5.3.2=androidCompileClasspath,androidHostTestCompileClasspath,androidHostTestRuntimeClasspath,androidRuntimeClasspath
com.squareup.okhttp3:okhttp:5.3.2=androidCompileClasspath,androidHostTestCompileClasspath,androidHostTestRuntimeClasspath,androidRuntimeClasspath
com.squareup.okio:okio-jvm:3.17.0=androidCompileClasspath,androidHostTestCompileClasspath,androidHostTestRuntimeClasspath,androidRuntimeClasspath
com.squareup.okio:okio:3.17.0=androidCompileClasspath,androidHostTestCompileClasspath,androidHostTestRuntimeClasspath,androidRuntimeClasspath
io.ktor:ktor-client-cio-jvm:3.5.2=jvmCompileClasspath,jvmMainCompileClasspath,jvmMainRuntimeClasspath,jvmRuntimeClasspath,jvmTestCompileClasspath,jvmTestRuntimeClasspath
io.ktor:ktor-client-cio:3.5.2=jvmCompileClasspath,jvmMainCompileClasspath,jvmMainRuntimeClasspath,jvmRuntimeClasspath,jvmTestCompileClasspath,jvmTestRuntimeClasspath
io.ktor:ktor-client-content-negotiation-jvm:3.5.2=androidCompileClasspath,androidHostTestCompileClasspath,androidHostTestRuntimeClasspath,androidRuntimeClasspath,jvmCompileClasspath,jvmMainCompileClasspath,jvmMainRuntimeClasspath,jvmRuntimeClasspath,jvmTestCompileClasspath,jvmTestRuntimeClasspath
io.ktor:ktor-client-content-negotiation:3.5.2=androidCompileClasspath,androidHostTestCompileClasspath,androidHostTestRuntimeClasspath,androidRuntimeClasspath,jvmCompileClasspath,jvmMainCompileClasspath,jvmMainRuntimeClasspath,jvmRuntimeClasspath,jvmTestCompileClasspath,jvmTestRuntimeClasspath,metadataAppleMainCompileClasspath,metadataCommonMainCompileClasspath,metadataCompileClasspath,metadataIosMainCompileClasspath,metadataNativeMainCompileClasspath
io.ktor:ktor-client-core-jvm:3.5.2=androidCompileClasspath,androidHostTestCompileClasspath,androidHostTestRuntimeClasspath,androidRuntimeClasspath,jvmCompileClasspath,jvmMainCompileClasspath,jvmMainRuntimeClasspath,jvmRuntimeClasspath,jvmTestCompileClasspath,jvmTestRuntimeClasspath
io.ktor:ktor-client-core:3.5.2=androidCompileClasspath,androidHostTestCompileClasspath,androidHostTestRuntimeClasspath,androidRuntimeClasspath,jvmCompileClasspath,jvmMainCompileClasspath,jvmMainRuntimeClasspath,jvmRuntimeClasspath,jvmTestCompileClasspath,jvmTestRuntimeClasspath,metadataAppleMainCompileClasspath,metadataCommonMainCompileClasspath,metadataCompileClasspath,metadataIosMainCompileClasspath,metadataNativeMainCompileClasspath
io.ktor:ktor-client-darwin:3.5.2=metadataIosMainCompileClasspath
io.ktor:ktor-client-mock-jvm:3.5.2=androidHostTestCompileClasspath,androidHostTestRuntimeClasspath,jvmTestCompileClasspath,jvmTestRuntimeClasspath
io.ktor:ktor-client-mock:3.5.2=androidHostTestCompileClasspath,androidHostTestRuntimeClasspath,jvmTestCompileClasspath,jvmTestRuntimeClasspath
io.ktor:ktor-client-okhttp-jvm:3.5.2=androidCompileClasspath,androidHostTestCompileClasspath,androidHostTestRuntimeClasspath,androidRuntimeClasspath
io.ktor:ktor-client-okhttp:3.5.2=androidCompileClasspath,androidHostTestCompileClasspath,androidHostTestRuntimeClasspath,androidRuntimeClasspath
io.ktor:ktor-events-jvm:3.5.2=androidCompileClasspath,androidHostTestCompileClasspath,androidHostTestRuntimeClasspath,androidRuntimeClasspath,jvmCompileClasspath,jvmMainCompileClasspath,jvmMainRuntimeClasspath,jvmRuntimeClasspath,jvmTestCompileClasspath,jvmTestRuntimeClasspath
io.ktor:ktor-events:3.5.2=androidCompileClasspath,androidHostTestCompileClasspath,androidHostTestRuntimeClasspath,androidRuntimeClasspath,jvmCompileClasspath,jvmMainCompileClasspath,jvmMainRuntimeClasspath,jvmRuntimeClasspath,jvmTestCompileClasspath,jvmTestRuntimeClasspath,metadataAppleMainCompileClasspath,metadataCommonMainCompileClasspath,metadataCompileClasspath,metadataIosMainCompileClasspath,metadataNativeMainCompileClasspath
io.ktor:ktor-http-cio-jvm:3.5.2=androidCompileClasspath,androidHostTestCompileClasspath,androidHostTestRuntimeClasspath,androidRuntimeClasspath,jvmCompileClasspath,jvmMainCompileClasspath,jvmMainRuntimeClasspath,jvmRuntimeClasspath,jvmTestCompileClasspath,jvmTestRuntimeClasspath
io.ktor:ktor-http-cio:3.5.2=androidCompileClasspath,androidHostTestCompileClasspath,androidHostTestRuntimeClasspath,androidRuntimeClasspath,jvmCompileClasspath,jvmMainCompileClasspath,jvmMainRuntimeClasspath,jvmRuntimeClasspath,jvmTestCompileClasspath,jvmTestRuntimeClasspath,metadataAppleMainCompileClasspath,metadataCommonMainCompileClasspath,metadataCompileClasspath,metadataIosMainCompileClasspath,metadataNativeMainCompileClasspath
io.ktor:ktor-http-jvm:3.5.2=androidCompileClasspath,androidHostTestCompileClasspath,androidHostTestRuntimeClasspath,androidRuntimeClasspath,jvmCompileClasspath,jvmMainCompileClasspath,jvmMainRuntimeClasspath,jvmRuntimeClasspath,jvmTestCompileClasspath,jvmTestRuntimeClasspath
io.ktor:ktor-http:3.5.2=androidCompileClasspath,androidHostTestCompileClasspath,androidHostTestRuntimeClasspath,androidRuntimeClasspath,jvmCompileClasspath,jvmMainCompileClasspath,jvmMainRuntimeClasspath,jvmRuntimeClasspath,jvmTestCompileClasspath,jvmTestRuntimeClasspath,metadataAppleMainCompileClasspath,metadataCommonMainCompileClasspath,metadataCompileClasspath,metadataIosMainCompileClasspath,metadataNativeMainCompileClasspath
io.ktor:ktor-io-jvm:3.5.2=androidCompileClasspath,androidHostTestCompileClasspath,androidHostTestRuntimeClasspath,androidRuntimeClasspath,jvmCompileClasspath,jvmMainCompileClasspath,jvmMainRuntimeClasspath,jvmRuntimeClasspath,jvmTestCompileClasspath,jvmTestRuntimeClasspath
io.ktor:ktor-io:3.5.2=androidCompileClasspath,androidHostTestCompileClasspath,androidHostTestRuntimeClasspath,androidRuntimeClasspath,jvmCompileClasspath,jvmMainCompileClasspath,jvmMainRuntimeClasspath,jvmRuntimeClasspath,jvmTestCompileClasspath,jvmTestRuntimeClasspath,metadataAppleMainCompileClasspath,metadataCommonMainCompileClasspath,metadataCompileClasspath,metadataIosMainCompileClasspath,metadataNativeMainCompileClasspath
io.ktor:ktor-network-jvm:3.5.2=androidCompileClasspath,androidHostTestCompileClasspath,androidHostTestRuntimeClasspath,androidRuntimeClasspath,jvmCompileClasspath,jvmMainCompileClasspath,jvmMainRuntimeClasspath,jvmRuntimeClasspath,jvmTestCompileClasspath,jvmTestRuntimeClasspath
io.ktor:ktor-network-tls-jvm:3.5.2=jvmCompileClasspath,jvmMainCompileClasspath,jvmMainRuntimeClasspath,jvmRuntimeClasspath,jvmTestCompileClasspath,jvmTestRuntimeClasspath
io.ktor:ktor-network-tls:3.5.2=jvmCompileClasspath,jvmMainCompileClasspath,jvmMainRuntimeClasspath,jvmRuntimeClasspath,jvmTestCompileClasspath,jvmTestRuntimeClasspath,metadataIosMainCompileClasspath
io.ktor:ktor-network:3.5.2=androidCompileClasspath,androidHostTestCompileClasspath,androidHostTestRuntimeClasspath,androidRuntimeClasspath,jvmCompileClasspath,jvmMainCompileClasspath,jvmMainRuntimeClasspath,jvmRuntimeClasspath,jvmTestCompileClasspath,jvmTestRuntimeClasspath,metadataIosMainCompileClasspath
io.ktor:ktor-serialization-jvm:3.5.2=androidCompileClasspath,androidHostTestCompileClasspath,androidHostTestRuntimeClasspath,androidRuntimeClasspath,jvmCompileClasspath,jvmMainCompileClasspath,jvmMainRuntimeClasspath,jvmRuntimeClasspath,jvmTestCompileClasspath,jvmTestRuntimeClasspath
io.ktor:ktor-serialization-kotlinx-json-jvm:3.5.2=androidCompileClasspath,androidHostTestCompileClasspath,androidHostTestRuntimeClasspath,androidRuntimeClasspath,jvmCompileClasspath,jvmMainCompileClasspath,jvmMainRuntimeClasspath,jvmRuntimeClasspath,jvmTestCompileClasspath,jvmTestRuntimeClasspath
io.ktor:ktor-serialization-kotlinx-json:3.5.2=androidCompileClasspath,androidHostTestCompileClasspath,androidHostTestRuntimeClasspath,androidRuntimeClasspath,jvmCompileClasspath,jvmMainCompileClasspath,jvmMainRuntimeClasspath,jvmRuntimeClasspath,jvmTestCompileClasspath,jvmTestRuntimeClasspath,metadataAppleMainCompileClasspath,metadataCommonMainCompileClasspath,metadataCompileClasspath,metadataIosMainCompileClasspath,metadataNativeMainCompileClasspath
io.ktor:ktor-serialization-kotlinx-jvm:3.5.2=androidCompileClasspath,androidHostTestCompileClasspath,androidHostTestRuntimeClasspath,androidRuntimeClasspath,jvmCompileClasspath,jvmMainCompileClasspath,jvmMainRuntimeClasspath,jvmRuntimeClasspath,jvmTestCompileClasspath,jvmTestRuntimeClasspath
io.ktor:ktor-serialization-kotlinx:3.5.2=androidCompileClasspath,androidHostTestCompileClasspath,androidHostTestRuntimeClasspath,androidRuntimeClasspath,jvmCompileClasspath,jvmMainCompileClasspath,jvmMainRuntimeClasspath,jvmRuntimeClasspath,jvmTestCompileClasspath,jvmTestRuntimeClasspath,metadataAppleMainCompileClasspath,metadataCommonMainCompileClasspath,metadataCompileClasspath,metadataIosMainCompileClasspath,metadataNativeMainCompileClasspath
io.ktor:ktor-serialization:3.5.2=androidCompileClasspath,androidHostTestCompileClasspath,androidHostTestRuntimeClasspath,androidRuntimeClasspath,jvmCompileClasspath,jvmMainCompileClasspath,jvmMainRuntimeClasspath,jvmRuntimeClasspath,jvmTestCompileClasspath,jvmTestRuntimeClasspath,metadataAppleMainCompileClasspath,metadataCommonMainCompileClasspath,metadataCompileClasspath,metadataIosMainCompileClasspath,metadataNativeMainCompileClasspath
io.ktor:ktor-sse-jvm:3.5.2=androidCompileClasspath,androidHostTestCompileClasspath,androidHostTestRuntimeClasspath,androidRuntimeClasspath,jvmCompileClasspath,jvmMainCompileClasspath,jvmMainRuntimeClasspath,jvmRuntimeClasspath,jvmTestCompileClasspath,jvmTestRuntimeClasspath
io.ktor:ktor-sse:3.5.2=androidCompileClasspath,androidHostTestCompileClasspath,androidHostTestRuntimeClasspath,androidRuntimeClasspath,jvmCompileClasspath,jvmMainCompileClasspath,jvmMainRuntimeClasspath,jvmRuntimeClasspath,jvmTestCompileClasspath,jvmTestRuntimeClasspath,metadataAppleMainCompileClasspath,metadataCommonMainCompileClasspath,metadataCompileClasspath,metadataIosMainCompileClasspath,metadataNativeMainCompileClasspath
io.ktor:ktor-utils-jvm:3.5.2=androidCompileClasspath,androidHostTestCompileClasspath,androidHostTestRuntimeClasspath,androidRuntimeClasspath,jvmCompileClasspath,jvmMainCompileClasspath,jvmMainRuntimeClasspath,jvmRuntimeClasspath,jvmTestCompileClasspath,jvmTestRuntimeClasspath
io.ktor:ktor-utils:3.5.2=androidCompileClasspath,androidHostTestCompileClasspath,androidHostTestRuntimeClasspath,androidRuntimeClasspath,jvmCompileClasspath,jvmMainCompileClasspath,jvmMainRuntimeClasspath,jvmRuntimeClasspath,jvmTestCompileClasspath,jvmTestRuntimeClasspath,metadataAppleMainCompileClasspath,metadataCommonMainCompileClasspath,metadataCompileClasspath,metadataIosMainCompileClasspath,metadataNativeMainCompileClasspath
io.ktor:ktor-websocket-serialization-jvm:3.5.2=androidCompileClasspath,androidHostTestCompileClasspath,androidHostTestRuntimeClasspath,androidRuntimeClasspath,jvmCompileClasspath,jvmMainCompileClasspath,jvmMainRuntimeClasspath,jvmRuntimeClasspath,jvmTestCompileClasspath,jvmTestRuntimeClasspath
io.ktor:ktor-websocket-serialization:3.5.2=androidCompileClasspath,androidHostTestCompileClasspath,androidHostTestRuntimeClasspath,androidRuntimeClasspath,jvmCompileClasspath,jvmMainCompileClasspath,jvmMainRuntimeClasspath,jvmRuntimeClasspath,jvmTestCompileClasspath,jvmTestRuntimeClasspath,metadataAppleMainCompileClasspath,metadataCommonMainCompileClasspath,metadataCompileClasspath,metadataIosMainCompileClasspath,metadataNativeMainCompileClasspath
io.ktor:ktor-websockets-jvm:3.5.2=androidCompileClasspath,androidHostTestCompileClasspath,androidHostTestRuntimeClasspath,androidRuntimeClasspath,jvmCompileClasspath,jvmMainCompileClasspath,jvmMainRuntimeClasspath,jvmRuntimeClasspath,jvmTestCompileClasspath,jvmTestRuntimeClasspath
io.ktor:ktor-websockets:3.5.2=androidCompileClasspath,androidHostTestCompileClasspath,androidHostTestRuntimeClasspath,androidRuntimeClasspath,jvmCompileClasspath,jvmMainCompileClasspath,jvmMainRuntimeClasspath,jvmRuntimeClasspath,jvmTestCompileClasspath,jvmTestRuntimeClasspath,metadataAppleMainCompileClasspath,metadataCommonMainCompileClasspath,metadataCompileClasspath,metadataIosMainCompileClasspath,metadataNativeMainCompileClasspath
junit:junit:4.13.2=androidHostTestCompileClasspath,androidHostTestRuntimeClasspath,jvmTestCompileClasspath,jvmTestRuntimeClasspath
org.hamcrest:hamcrest-core:1.3=androidHostTestCompileClasspath,androidHostTestRuntimeClasspath,jvmTestCompileClasspath,jvmTestRuntimeClasspath
org.jetbrains.kotlin:kotlin-stdlib-common:2.4.10=metadataAppleMainCompileClasspath,metadataCommonMainCompileClasspath,metadataCompileClasspath,metadataIosMainCompileClasspath,metadataNativeMainCompileClasspath
org.jetbrains.kotlin:kotlin-stdlib:2.4.10=androidCompileClasspath,androidHostTestCompileClasspath,androidHostTestRuntimeClasspath,androidRuntimeClasspath,jvmCompileClasspath,jvmMainCompileClasspath,jvmMainRuntimeClasspath,jvmRuntimeClasspath,jvmTestCompileClasspath,jvmTestRuntimeClasspath,metadataAppleMainCompileClasspath,metadataCommonMainCompileClasspath,metadataCompileClasspath,metadataIosMainCompileClasspath,metadataNativeMainCompileClasspath
org.jetbrains.kotlin:kotlin-test-junit:2.4.10=androidHostTestCompileClasspath,androidHostTestRuntimeClasspath,jvmTestCompileClasspath,jvmTestRuntimeClasspath
org.jetbrains.kotlin:kotlin-test:2.4.10=androidHostTestCompileClasspath,androidHostTestRuntimeClasspath,jvmTestCompileClasspath,jvmTestRuntimeClasspath
org.jetbrains.kotlinx:atomicfu:0.23.1=metadataAppleMainCompileClasspath,metadataCommonMainCompileClasspath,metadataCompileClasspath,metadataIosMainCompileClasspath,metadataNativeMainCompileClasspath
org.jetbrains.kotlinx:kotlinx-coroutines-bom:1.11.0=androidCompileClasspath,androidHostTestCompileClasspath,androidHostTestRuntimeClasspath,androidRuntimeClasspath,jvmCompileClasspath,jvmMainCompileClasspath,jvmMainRuntimeClasspath,jvmRuntimeClasspath,jvmTestCompileClasspath,jvmTestRuntimeClasspath
org.jetbrains.kotlinx:kotlinx-coroutines-core-jvm:1.11.0=androidCompileClasspath,androidHostTestCompileClasspath,androidHostTestRuntimeClasspath,androidRuntimeClasspath,jvmCompileClasspath,jvmMainCompileClasspath,jvmMainRuntimeClasspath,jvmRuntimeClasspath,jvmTestCompileClasspath,jvmTestRuntimeClasspath
org.jetbrains.kotlinx:kotlinx-coroutines-core:1.11.0=androidCompileClasspath,androidHostTestCompileClasspath,androidHostTestRuntimeClasspath,androidRuntimeClasspath,jvmCompileClasspath,jvmMainCompileClasspath,jvmMainRuntimeClasspath,jvmRuntimeClasspath,jvmTestCompileClasspath,jvmTestRuntimeClasspath,metadataAppleMainCompileClasspath,metadataCommonMainCompileClasspath,metadataCompileClasspath,metadataIosMainCompileClasspath,metadataNativeMainCompileClasspath
org.jetbrains.kotlinx:kotlinx-coroutines-slf4j:1.11.0=androidHostTestRuntimeClasspath,androidRuntimeClasspath,jvmMainRuntimeClasspath,jvmRuntimeClasspath,jvmTestRuntimeClasspath
org.jetbrains.kotlinx:kotlinx-coroutines-test-jvm:1.11.0=androidHostTestCompileClasspath,androidHostTestRuntimeClasspath,jvmTestCompileClasspath,jvmTestRuntimeClasspath
org.jetbrains.kotlinx:kotlinx-coroutines-test:1.11.0=androidHostTestCompileClasspath,androidHostTestRuntimeClasspath,jvmTestCompileClasspath,jvmTestRuntimeClasspath
org.jetbrains.kotlinx:kotlinx-io-bytestring-jvm:0.9.1=androidCompileClasspath,androidHostTestCompileClasspath,androidHostTestRuntimeClasspath,androidRuntimeClasspath,jvmCompileClasspath,jvmMainCompileClasspath,jvmMainRuntimeClasspath,jvmRuntimeClasspath,jvmTestCompileClasspath,jvmTestRuntimeClasspath
org.jetbrains.kotlinx:kotlinx-io-bytestring:0.9.1=androidCompileClasspath,androidHostTestCompileClasspath,androidHostTestRuntimeClasspath,androidRuntimeClasspath,jvmCompileClasspath,jvmMainCompileClasspath,jvmMainRuntimeClasspath,jvmRuntimeClasspath,jvmTestCompileClasspath,jvmTestRuntimeClasspath,metadataAppleMainCompileClasspath,metadataCommonMainCompileClasspath,metadataCompileClasspath,metadataIosMainCompileClasspath,metadataNativeMainCompileClasspath
org.jetbrains.kotlinx:kotlinx-io-core-jvm:0.9.1=androidCompileClasspath,androidHostTestCompileClasspath,androidHostTestRuntimeClasspath,androidRuntimeClasspath,jvmCompileClasspath,jvmMainCompileClasspath,jvmMainRuntimeClasspath,jvmRuntimeClasspath,jvmTestCompileClasspath,jvmTestRuntimeClasspath
org.jetbrains.kotlinx:kotlinx-io-core:0.9.1=androidCompileClasspath,androidHostTestCompileClasspath,androidHostTestRuntimeClasspath,androidRuntimeClasspath,jvmCompileClasspath,jvmMainCompileClasspath,jvmMainRuntimeClasspath,jvmRuntimeClasspath,jvmTestCompileClasspath,jvmTestRuntimeClasspath,metadataAppleMainCompileClasspath,metadataCommonMainCompileClasspath,metadataCompileClasspath,metadataIosMainCompileClasspath,metadataNativeMainCompileClasspath
org.jetbrains.kotlinx:kotlinx-serialization-bom:1.11.0=androidCompileClasspath,androidHostTestCompileClasspath,androidHostTestRuntimeClasspath,androidRuntimeClasspath,jvmCompileClasspath,jvmMainCompileClasspath,jvmMainRuntimeClasspath,jvmRuntimeClasspath,jvmTestCompileClasspath,jvmTestRuntimeClasspath
org.jetbrains.kotlinx:kotlinx-serialization-core-jvm:1.11.0=androidCompileClasspath,androidHostTestCompileClasspath,androidHostTestRuntimeClasspath,androidRuntimeClasspath,jvmCompileClasspath,jvmMainCompileClasspath,jvmMainRuntimeClasspath,jvmRuntimeClasspath,jvmTestCompileClasspath,jvmTestRuntimeClasspath
org.jetbrains.kotlinx:kotlinx-serialization-core:1.11.0=androidCompileClasspath,androidHostTestCompileClasspath,androidHostTestRuntimeClasspath,androidRuntimeClasspath,jvmCompileClasspath,jvmMainCompileClasspath,jvmMainRuntimeClasspath,jvmRuntimeClasspath,jvmTestCompileClasspath,jvmTestRuntimeClasspath,metadataAppleMainCompileClasspath,metadataCommonMainCompileClasspath,metadataCompileClasspath,metadataIosMainCompileClasspath,metadataNativeMainCompileClasspath
org.jetbrains.kotlinx:kotlinx-serialization-json-io-jvm:1.11.0=androidCompileClasspath,androidHostTestCompileClasspath,androidHostTestRuntimeClasspath,androidRuntimeClasspath,jvmCompileClasspath,jvmMainCompileClasspath,jvmMainRuntimeClasspath,jvmRuntimeClasspath,jvmTestCompileClasspath,jvmTestRuntimeClasspath
org.jetbrains.kotlinx:kotlinx-serialization-json-io:1.11.0=androidCompileClasspath,androidHostTestCompileClasspath,androidHostTestRuntimeClasspath,androidRuntimeClasspath,jvmCompileClasspath,jvmMainCompileClasspath,jvmMainRuntimeClasspath,jvmRuntimeClasspath,jvmTestCompileClasspath,jvmTestRuntimeClasspath,metadataAppleMainCompileClasspath,metadataCommonMainCompileClasspath,metadataCompileClasspath,metadataIosMainCompileClasspath,metadataNativeMainCompileClasspath
org.jetbrains.kotlinx:kotlinx-serialization-json-jvm:1.11.0=androidCompileClasspath,androidHostTestCompileClasspath,androidHostTestRuntimeClasspath,androidRuntimeClasspath,jvmCompileClasspath,jvmMainCompileClasspath,jvmMainRuntimeClasspath,jvmRuntimeClasspath,jvmTestCompileClasspath,jvmTestRuntimeClasspath
org.jetbrains.kotlinx:kotlinx-serialization-json:1.11.0=androidCompileClasspath,androidHostTestCompileClasspath,androidHostTestRuntimeClasspath,androidRuntimeClasspath,jvmCompileClasspath,jvmMainCompileClasspath,jvmMainRuntimeClasspath,jvmRuntimeClasspath,jvmTestCompileClasspath,jvmTestRuntimeClasspath,metadataAppleMainCompileClasspath,metadataCommonMainCompileClasspath,metadataCompileClasspath,metadataIosMainCompileClasspath,metadataNativeMainCompileClasspath
org.jetbrains:annotations:23.0.0=androidCompileClasspath,androidHostTestCompileClasspath,androidHostTestRuntimeClasspath,androidRuntimeClasspath,jvmCompileClasspath,jvmMainCompileClasspath,jvmMainRuntimeClasspath,jvmRuntimeClasspath,jvmTestCompileClasspath,jvmTestRuntimeClasspath
org.slf4j:slf4j-api:2.0.18=androidCompileClasspath,androidHostTestCompileClasspath,androidHostTestRuntimeClasspath,androidRuntimeClasspath,jvmCompileClasspath,jvmMainCompileClasspath,jvmMainRuntimeClasspath,jvmRuntimeClasspath,jvmTestCompileClasspath,jvmTestRuntimeClasspath
empty=
